// !$*UTF8*$!
{
	archiveVersion = 1;
	classes = {
	};
	objectVersion = 56;
	objects = {

/* Begin PBXBuildFile section */
		3A17F4C12BE2A11600C5649D /* ProfileView.swift in Sources */ = {isa = PBXBuildFile; fileRef = 3A17F4C02BE2A11600C5649D /* ProfileView.swift */; };
		3A1835932BE0D5260086D01B /* README.md in Resources */ = {isa = PBXBuildFile; fileRef = 3A1835922BE0D5260086D01B /* README.md */; };
		3A18359B2BE0E6460086D01B /* HomeViewModelTests.swift in Sources */ = {isa = PBXBuildFile; fileRef = 3A18359A2BE0E6460086D01B /* HomeViewModelTests.swift */; };
		3A1835A42BE0F3650086D01B /* NetworkTests.swift in Sources */ = {isa = PBXBuildFile; fileRef = 3A1835A32BE0F3650086D01B /* NetworkTests.swift */; };
		3A1835A62BE0F3B90086D01B /* URLSessionMock.swift in Sources */ = {isa = PBXBuildFile; fileRef = 3A1835A52BE0F3B90086D01B /* URLSessionMock.swift */; };
		3A1835AC2BE0F5430086D01B /* HomeData.json in Resources */ = {isa = PBXBuildFile; fileRef = 3A1835AA2BE0F5430086D01B /* HomeData.json */; };
		3A1835AD2BE0F5430086D01B /* WalletData.json in Resources */ = {isa = PBXBuildFile; fileRef = 3A1835AB2BE0F5430086D01B /* WalletData.json */; };
		3A1835AE2BE10F4D0086D01B /* HomeDataTests.json in Resources */ = {isa = PBXBuildFile; fileRef = 464D40E42AA9FF8D00D5DFDE /* HomeDataTests.json */; };
		3A1835AF2BE10F500086D01B /* WalletDataTests.json in Resources */ = {isa = PBXBuildFile; fileRef = 46461A262AB3403E0042765C /* WalletDataTests.json */; };
		3A1835B12BE115D90086D01B /* imageTest.jpg in Resources */ = {isa = PBXBuildFile; fileRef = 3A1835B02BE115D90086D01B /* imageTest.jpg */; };
		3A1835B32BE1202E0086D01B /* HomeServiceTests.swift in Sources */ = {isa = PBXBuildFile; fileRef = 3A1835B22BE1202E0086D01B /* HomeServiceTests.swift */; };
		3AB7CFA22BE128ED00280200 /* WalletViewModelTests.swift in Sources */ = {isa = PBXBuildFile; fileRef = 3AB7CFA12BE128ED00280200 /* WalletViewModelTests.swift */; };
		3ACF87012BE1346800703093 /* QuotationEthCell.swift in Sources */ = {isa = PBXBuildFile; fileRef = 3ACF87002BE1346800703093 /* QuotationEthCell.swift */; };
		3ACF87032BE1380F00703093 /* Colors.swift in Sources */ = {isa = PBXBuildFile; fileRef = 3ACF87022BE1380F00703093 /* Colors.swift */; };
		3ACF87052BE14FB600703093 /* LatestTransactionsViewCell.swift in Sources */ = {isa = PBXBuildFile; fileRef = 3ACF87042BE14FB600703093 /* LatestTransactionsViewCell.swift */; };
		3AD2797B2BE01B2000CA6B00 /* Interface.swift in Sources */ = {isa = PBXBuildFile; fileRef = 3AD2797A2BE01B2000CA6B00 /* Interface.swift */; };
		3AD2797D2BE01FF700CA6B00 /* Network.swift in Sources */ = {isa = PBXBuildFile; fileRef = 3AD2797C2BE01FF700CA6B00 /* Network.swift */; };
		4602FBD32A87B8FA0028BED4 /* AppDelegate.swift in Sources */ = {isa = PBXBuildFile; fileRef = 4602FBD22A87B8FA0028BED4 /* AppDelegate.swift */; };
		4602FBD52A87B8FA0028BED4 /* SceneDelegate.swift in Sources */ = {isa = PBXBuildFile; fileRef = 4602FBD42A87B8FA0028BED4 /* SceneDelegate.swift */; };
		4602FBD72A87B8FA0028BED4 /* LoginVC.swift in Sources */ = {isa = PBXBuildFile; fileRef = 4602FBD62A87B8FA0028BED4 /* LoginVC.swift */; };
		4602FBDC2A87B8FC0028BED4 /* Assets.xcassets in Resources */ = {isa = PBXBuildFile; fileRef = 4602FBDB2A87B8FC0028BED4 /* Assets.xcassets */; };
		4602FBDF2A87B8FC0028BED4 /* LaunchScreen.storyboard in Resources */ = {isa = PBXBuildFile; fileRef = 4602FBDD2A87B8FC0028BED4 /* LaunchScreen.storyboard */; };
		462C8C032AA6098600E85A9E /* GoogleService-Info.plist in Resources */ = {isa = PBXBuildFile; fileRef = 462C8C022AA6098600E85A9E /* GoogleService-Info.plist */; };
		462C8C062AA60AA200E85A9E /* FirebaseAuth in Frameworks */ = {isa = PBXBuildFile; productRef = 462C8C052AA60AA200E85A9E /* FirebaseAuth */; };
		462C8C082AA60AA200E85A9E /* FirebaseCrashlytics in Frameworks */ = {isa = PBXBuildFile; productRef = 462C8C072AA60AA200E85A9E /* FirebaseCrashlytics */; };
		462C8C0C2AA60E8E00E85A9E /* UIViewController+Extension.swift in Sources */ = {isa = PBXBuildFile; fileRef = 462C8C0B2AA60E8E00E85A9E /* UIViewController+Extension.swift */; };
		462C8C0E2AA617A600E85A9E /* String+Extension.swift in Sources */ = {isa = PBXBuildFile; fileRef = 462C8C0D2AA617A600E85A9E /* String+Extension.swift */; };
		463FB9B42AB484A50041DD08 /* LatestTransactionsTableViewCell.swift in Sources */ = {isa = PBXBuildFile; fileRef = 463FB9B32AB484A50041DD08 /* LatestTransactionsTableViewCell.swift */; };
		463FB9B62AB484B60041DD08 /* LatestTransactionsTableViewCellScreen.swift in Sources */ = {isa = PBXBuildFile; fileRef = 463FB9B52AB484B60041DD08 /* LatestTransactionsTableViewCellScreen.swift */; };
		463FB9BA2AB487360041DD08 /* LatestTransactionsTableViewCellViewModel.swift in Sources */ = {isa = PBXBuildFile; fileRef = 463FB9B92AB487360041DD08 /* LatestTransactionsTableViewCellViewModel.swift */; };
		463FB9BF2AB489220041DD08 /* ListOfTransactionTableViewCell.swift in Sources */ = {isa = PBXBuildFile; fileRef = 463FB9BE2AB489220041DD08 /* ListOfTransactionTableViewCell.swift */; };
		463FB9C12AB4892E0041DD08 /* ListOfTransactionTableViewCellScreen.swift in Sources */ = {isa = PBXBuildFile; fileRef = 463FB9C02AB4892E0041DD08 /* ListOfTransactionTableViewCellScreen.swift */; };
		463FB9C72AB4BEF40041DD08 /* ProfileVC.swift in Sources */ = {isa = PBXBuildFile; fileRef = 463FB9C62AB4BEF40041DD08 /* ProfileVC.swift */; };
		463FB9C92AB4BF160041DD08 /* ProfileScreen.swift in Sources */ = {isa = PBXBuildFile; fileRef = 463FB9C82AB4BF160041DD08 /* ProfileScreen.swift */; };
		463FB9CB2AB4BF390041DD08 /* ProfileViewModel.swift in Sources */ = {isa = PBXBuildFile; fileRef = 463FB9CA2AB4BF390041DD08 /* ProfileViewModel.swift */; };
		463FB9D12AB4C0330041DD08 /* ProfileImageTableViewCell.swift in Sources */ = {isa = PBXBuildFile; fileRef = 463FB9D02AB4C0330041DD08 /* ProfileImageTableViewCell.swift */; };
		463FB9D32AB4C03F0041DD08 /* ProfileImageTableViewCellScreen.swift in Sources */ = {isa = PBXBuildFile; fileRef = 463FB9D22AB4C03F0041DD08 /* ProfileImageTableViewCellScreen.swift */; };
		463FB9D82AB5D1C00041DD08 /* ProfileTableViewCell.swift in Sources */ = {isa = PBXBuildFile; fileRef = 463FB9D72AB5D1C00041DD08 /* ProfileTableViewCell.swift */; };
		463FB9DA2AB5D1CC0041DD08 /* ProfileTableViewCellScreen.swift in Sources */ = {isa = PBXBuildFile; fileRef = 463FB9D92AB5D1CC0041DD08 /* ProfileTableViewCellScreen.swift */; };
		4645228F2A8AB1B6005CC18E /* LoginScreen.swift in Sources */ = {isa = PBXBuildFile; fileRef = 4645228E2A8AB1B6005CC18E /* LoginScreen.swift */; };
		464619FC2AB1DB210042765C /* CACornerMask+Extension.swift in Sources */ = {isa = PBXBuildFile; fileRef = 464619FB2AB1DB210042765C /* CACornerMask+Extension.swift */; };
		464619FE2AB1DB2C0042765C /* UIView+Extension.swift in Sources */ = {isa = PBXBuildFile; fileRef = 464619FD2AB1DB2C0042765C /* UIView+Extension.swift */; };
		46461A032AB1E23E0042765C /* LatestDealTableViewCell.swift in Sources */ = {isa = PBXBuildFile; fileRef = 46461A022AB1E23E0042765C /* LatestDealTableViewCell.swift */; };
		46461A052AB1E2540042765C /* LatestDealTableViewCellScreen.swift in Sources */ = {isa = PBXBuildFile; fileRef = 46461A042AB1E2540042765C /* LatestDealTableViewCellScreen.swift */; };
		46461A0A2AB1E6C80042765C /* LatestDealTableViewCellViewModel.swift in Sources */ = {isa = PBXBuildFile; fileRef = 46461A092AB1E6C80042765C /* LatestDealTableViewCellViewModel.swift */; };
		46461A0E2AB1EDB70042765C /* ListOffersTableViewCell.swift in Sources */ = {isa = PBXBuildFile; fileRef = 46461A0D2AB1EDB70042765C /* ListOffersTableViewCell.swift */; };
		46461A112AB1EDCF0042765C /* ListOffersTableViewCellScreen.swift in Sources */ = {isa = PBXBuildFile; fileRef = 46461A102AB1EDCF0042765C /* ListOffersTableViewCellScreen.swift */; };
		46461A142AB32DCE0042765C /* MagnifyGlassVC.swift in Sources */ = {isa = PBXBuildFile; fileRef = 46461A132AB32DCE0042765C /* MagnifyGlassVC.swift */; };
		46461A182AB32DF50042765C /* MagnifyGlassScreen.swift in Sources */ = {isa = PBXBuildFile; fileRef = 46461A172AB32DF50042765C /* MagnifyGlassScreen.swift */; };
		46461A1C2AB33C180042765C /* WalletVC.swift in Sources */ = {isa = PBXBuildFile; fileRef = 46461A1B2AB33C180042765C /* WalletVC.swift */; };
		46461A1F2AB33C2C0042765C /* WalletScreen.swift in Sources */ = {isa = PBXBuildFile; fileRef = 46461A1E2AB33C2C0042765C /* WalletScreen.swift */; };
		46461A222AB33EFA0042765C /* WalletViewModel.swift in Sources */ = {isa = PBXBuildFile; fileRef = 46461A212AB33EFA0042765C /* WalletViewModel.swift */; };
		46461A252AB33F6D0042765C /* WalletService.swift in Sources */ = {isa = PBXBuildFile; fileRef = 46461A242AB33F6D0042765C /* WalletService.swift */; };
		46461A2B2AB341A90042765C /* WalletData.swift in Sources */ = {isa = PBXBuildFile; fileRef = 46461A2A2AB341A90042765C /* WalletData.swift */; };
		46461A342AB366230042765C /* QuotationEthTableViewCell.swift in Sources */ = {isa = PBXBuildFile; fileRef = 46461A332AB366230042765C /* QuotationEthTableViewCell.swift */; };
		46461A362AB366320042765C /* QuotationEthTableViewCellScreen.swift in Sources */ = {isa = PBXBuildFile; fileRef = 46461A352AB366320042765C /* QuotationEthTableViewCellScreen.swift */; };
		464D40CC2AA8AA8000D5DFDE /* AlertController.swift in Sources */ = {isa = PBXBuildFile; fileRef = 464D40CB2AA8AA8000D5DFDE /* AlertController.swift */; };
		464D40D12AA8B1C800D5DFDE /* TabBarVC.swift in Sources */ = {isa = PBXBuildFile; fileRef = 464D40D02AA8B1C800D5DFDE /* TabBarVC.swift */; };
		464D40D52AA8B29700D5DFDE /* HomeVC.swift in Sources */ = {isa = PBXBuildFile; fileRef = 464D40D42AA8B29700D5DFDE /* HomeVC.swift */; };
		464D40D92AA8B70500D5DFDE /* HomeScreen.swift in Sources */ = {isa = PBXBuildFile; fileRef = 464D40D82AA8B70500D5DFDE /* HomeScreen.swift */; };
		464D40DC2AA9F9AE00D5DFDE /* HomeViewModel.swift in Sources */ = {isa = PBXBuildFile; fileRef = 464D40DB2AA9F9AE00D5DFDE /* HomeViewModel.swift */; };
		464D40E02AA9FA6000D5DFDE /* HomeService.swift in Sources */ = {isa = PBXBuildFile; fileRef = 464D40DF2AA9FA6000D5DFDE /* HomeService.swift */; };
		464D40E22AA9FC2500D5DFDE /* GenericService.swift in Sources */ = {isa = PBXBuildFile; fileRef = 464D40E12AA9FC2500D5DFDE /* GenericService.swift */; };
		464D40E82AAA013800D5DFDE /* NFTData.swift in Sources */ = {isa = PBXBuildFile; fileRef = 464D40E72AAA013800D5DFDE /* NFTData.swift */; };
		467DE4AC2AAB4FDC000484D2 /* NftFilterCollectionViewCell.swift in Sources */ = {isa = PBXBuildFile; fileRef = 467DE4AB2AAB4FDC000484D2 /* NftFilterCollectionViewCell.swift */; };
		467DE4AF2AAB506E000484D2 /* NftFilterCollectionViewCellScreen.swift in Sources */ = {isa = PBXBuildFile; fileRef = 467DE4AE2AAB506E000484D2 /* NftFilterCollectionViewCellScreen.swift */; };
		46CC89182AAF4E62002664A8 /* NftDetailVC.swift in Sources */ = {isa = PBXBuildFile; fileRef = 46CC89172AAF4E62002664A8 /* NftDetailVC.swift */; };
		46CC891C2AAF4EA8002664A8 /* NftDetailViewModel.swift in Sources */ = {isa = PBXBuildFile; fileRef = 46CC891B2AAF4EA8002664A8 /* NftDetailViewModel.swift */; };
		46CC891F2AAF4EE5002664A8 /* NftDetailScreen.swift in Sources */ = {isa = PBXBuildFile; fileRef = 46CC891E2AAF4EE5002664A8 /* NftDetailScreen.swift */; };
		46CC89222AB086A8002664A8 /* NftImageTableViewCell.swift in Sources */ = {isa = PBXBuildFile; fileRef = 46CC89212AB086A8002664A8 /* NftImageTableViewCell.swift */; };
		46CC89262AB087B4002664A8 /* NftImageTableViewCellScreen.swift in Sources */ = {isa = PBXBuildFile; fileRef = 46CC89252AB087B4002664A8 /* NftImageTableViewCellScreen.swift */; };
		46CC892B2AB099B3002664A8 /* NftDescriptionTableViewCell.swift in Sources */ = {isa = PBXBuildFile; fileRef = 46CC892A2AB099B3002664A8 /* NftDescriptionTableViewCell.swift */; };
		46CC892D2AB099D0002664A8 /* NftDescriptionTableViewCellScreen.swift in Sources */ = {isa = PBXBuildFile; fileRef = 46CC892C2AB099D0002664A8 /* NftDescriptionTableViewCellScreen.swift */; };
		46EB51FC2AACA0370099F85E /* NftTableViewCell.swift in Sources */ = {isa = PBXBuildFile; fileRef = 46EB51FB2AACA0370099F85E /* NftTableViewCell.swift */; };
		46EB52002AACA1410099F85E /* NftTableViewCellScreen.swift in Sources */ = {isa = PBXBuildFile; fileRef = 46EB51FF2AACA1410099F85E /* NftTableViewCellScreen.swift */; };
/* End PBXBuildFile section */

/* Begin PBXContainerItemProxy section */
		3A18359C2BE0E6460086D01B /* PBXContainerItemProxy */ = {
			isa = PBXContainerItemProxy;
			containerPortal = 4602FBC72A87B8FA0028BED4 /* Project object */;
			proxyType = 1;
			remoteGlobalIDString = 4602FBCE2A87B8FA0028BED4;
			remoteInfo = AppBackFront;
		};
/* End PBXContainerItemProxy section */

/* Begin PBXFileReference section */
		3A17F4C02BE2A11600C5649D /* ProfileView.swift */ = {isa = PBXFileReference; lastKnownFileType = sourcecode.swift; path = ProfileView.swift; sourceTree = "<group>"; };
		3A1835922BE0D5260086D01B /* README.md */ = {isa = PBXFileReference; lastKnownFileType = net.daringfireball.markdown; path = README.md; sourceTree = "<group>"; };
		3A1835982BE0E6460086D01B /* AppBackFrontTests.xctest */ = {isa = PBXFileReference; explicitFileType = wrapper.cfbundle; includeInIndex = 0; path = AppBackFrontTests.xctest; sourceTree = BUILT_PRODUCTS_DIR; };
		3A18359A2BE0E6460086D01B /* HomeViewModelTests.swift */ = {isa = PBXFileReference; lastKnownFileType = sourcecode.swift; path = HomeViewModelTests.swift; sourceTree = "<group>"; };
		3A1835A32BE0F3650086D01B /* NetworkTests.swift */ = {isa = PBXFileReference; lastKnownFileType = sourcecode.swift; path = NetworkTests.swift; sourceTree = "<group>"; };
		3A1835A52BE0F3B90086D01B /* URLSessionMock.swift */ = {isa = PBXFileReference; lastKnownFileType = sourcecode.swift; path = URLSessionMock.swift; sourceTree = "<group>"; };
		3A1835AA2BE0F5430086D01B /* HomeData.json */ = {isa = PBXFileReference; fileEncoding = 4; lastKnownFileType = text.json; path = HomeData.json; sourceTree = "<group>"; };
		3A1835AB2BE0F5430086D01B /* WalletData.json */ = {isa = PBXFileReference; fileEncoding = 4; lastKnownFileType = text.json; path = WalletData.json; sourceTree = "<group>"; };
		3A1835B02BE115D90086D01B /* imageTest.jpg */ = {isa = PBXFileReference; lastKnownFileType = image.jpeg; path = imageTest.jpg; sourceTree = "<group>"; };
		3A1835B22BE1202E0086D01B /* HomeServiceTests.swift */ = {isa = PBXFileReference; lastKnownFileType = sourcecode.swift; path = HomeServiceTests.swift; sourceTree = "<group>"; };
		3AB7CFA12BE128ED00280200 /* WalletViewModelTests.swift */ = {isa = PBXFileReference; lastKnownFileType = sourcecode.swift; path = WalletViewModelTests.swift; sourceTree = "<group>"; };
		3ACF87002BE1346800703093 /* QuotationEthCell.swift */ = {isa = PBXFileReference; lastKnownFileType = sourcecode.swift; path = QuotationEthCell.swift; sourceTree = "<group>"; };
		3ACF87022BE1380F00703093 /* Colors.swift */ = {isa = PBXFileReference; lastKnownFileType = sourcecode.swift; path = Colors.swift; sourceTree = "<group>"; };
		3ACF87042BE14FB600703093 /* LatestTransactionsViewCell.swift */ = {isa = PBXFileReference; lastKnownFileType = sourcecode.swift; path = LatestTransactionsViewCell.swift; sourceTree = "<group>"; };
		3AD2797A2BE01B2000CA6B00 /* Interface.swift */ = {isa = PBXFileReference; lastKnownFileType = sourcecode.swift; path = Interface.swift; sourceTree = "<group>"; };
		3AD2797C2BE01FF700CA6B00 /* Network.swift */ = {isa = PBXFileReference; lastKnownFileType = sourcecode.swift; path = Network.swift; sourceTree = "<group>"; };
		4602FBCF2A87B8FA0028BED4 /* AppBackFront.app */ = {isa = PBXFileReference; explicitFileType = wrapper.application; includeInIndex = 0; path = AppBackFront.app; sourceTree = BUILT_PRODUCTS_DIR; };
		4602FBD22A87B8FA0028BED4 /* AppDelegate.swift */ = {isa = PBXFileReference; lastKnownFileType = sourcecode.swift; path = AppDelegate.swift; sourceTree = "<group>"; };
		4602FBD42A87B8FA0028BED4 /* SceneDelegate.swift */ = {isa = PBXFileReference; lastKnownFileType = sourcecode.swift; path = SceneDelegate.swift; sourceTree = "<group>"; };
		4602FBD62A87B8FA0028BED4 /* LoginVC.swift */ = {isa = PBXFileReference; lastKnownFileType = sourcecode.swift; path = LoginVC.swift; sourceTree = "<group>"; };
		4602FBDB2A87B8FC0028BED4 /* Assets.xcassets */ = {isa = PBXFileReference; lastKnownFileType = folder.assetcatalog; path = Assets.xcassets; sourceTree = "<group>"; };
		4602FBDE2A87B8FC0028BED4 /* Base */ = {isa = PBXFileReference; lastKnownFileType = file.storyboard; name = Base; path = Base.lproj/LaunchScreen.storyboard; sourceTree = "<group>"; };
		4602FBE02A87B8FC0028BED4 /* Info.plist */ = {isa = PBXFileReference; lastKnownFileType = text.plist.xml; path = Info.plist; sourceTree = "<group>"; };
		462C8C022AA6098600E85A9E /* GoogleService-Info.plist */ = {isa = PBXFileReference; fileEncoding = 4; lastKnownFileType = text.plist.xml; path = "GoogleService-Info.plist"; sourceTree = "<group>"; };
		462C8C0B2AA60E8E00E85A9E /* UIViewController+Extension.swift */ = {isa = PBXFileReference; lastKnownFileType = sourcecode.swift; path = "UIViewController+Extension.swift"; sourceTree = "<group>"; };
		462C8C0D2AA617A600E85A9E /* String+Extension.swift */ = {isa = PBXFileReference; lastKnownFileType = sourcecode.swift; path = "String+Extension.swift"; sourceTree = "<group>"; };
		463FB9B32AB484A50041DD08 /* LatestTransactionsTableViewCell.swift */ = {isa = PBXFileReference; lastKnownFileType = sourcecode.swift; path = LatestTransactionsTableViewCell.swift; sourceTree = "<group>"; };
		463FB9B52AB484B60041DD08 /* LatestTransactionsTableViewCellScreen.swift */ = {isa = PBXFileReference; lastKnownFileType = sourcecode.swift; path = LatestTransactionsTableViewCellScreen.swift; sourceTree = "<group>"; };
		463FB9B92AB487360041DD08 /* LatestTransactionsTableViewCellViewModel.swift */ = {isa = PBXFileReference; lastKnownFileType = sourcecode.swift; path = LatestTransactionsTableViewCellViewModel.swift; sourceTree = "<group>"; };
		463FB9BE2AB489220041DD08 /* ListOfTransactionTableViewCell.swift */ = {isa = PBXFileReference; lastKnownFileType = sourcecode.swift; path = ListOfTransactionTableViewCell.swift; sourceTree = "<group>"; };
		463FB9C02AB4892E0041DD08 /* ListOfTransactionTableViewCellScreen.swift */ = {isa = PBXFileReference; lastKnownFileType = sourcecode.swift; path = ListOfTransactionTableViewCellScreen.swift; sourceTree = "<group>"; };
		463FB9C62AB4BEF40041DD08 /* ProfileVC.swift */ = {isa = PBXFileReference; lastKnownFileType = sourcecode.swift; path = ProfileVC.swift; sourceTree = "<group>"; };
		463FB9C82AB4BF160041DD08 /* ProfileScreen.swift */ = {isa = PBXFileReference; lastKnownFileType = sourcecode.swift; path = ProfileScreen.swift; sourceTree = "<group>"; };
		463FB9CA2AB4BF390041DD08 /* ProfileViewModel.swift */ = {isa = PBXFileReference; lastKnownFileType = sourcecode.swift; path = ProfileViewModel.swift; sourceTree = "<group>"; };
		463FB9D02AB4C0330041DD08 /* ProfileImageTableViewCell.swift */ = {isa = PBXFileReference; lastKnownFileType = sourcecode.swift; path = ProfileImageTableViewCell.swift; sourceTree = "<group>"; };
		463FB9D22AB4C03F0041DD08 /* ProfileImageTableViewCellScreen.swift */ = {isa = PBXFileReference; lastKnownFileType = sourcecode.swift; path = ProfileImageTableViewCellScreen.swift; sourceTree = "<group>"; };
		463FB9D72AB5D1C00041DD08 /* ProfileTableViewCell.swift */ = {isa = PBXFileReference; lastKnownFileType = sourcecode.swift; path = ProfileTableViewCell.swift; sourceTree = "<group>"; };
		463FB9D92AB5D1CC0041DD08 /* ProfileTableViewCellScreen.swift */ = {isa = PBXFileReference; lastKnownFileType = sourcecode.swift; path = ProfileTableViewCellScreen.swift; sourceTree = "<group>"; };
		4645228E2A8AB1B6005CC18E /* LoginScreen.swift */ = {isa = PBXFileReference; lastKnownFileType = sourcecode.swift; path = LoginScreen.swift; sourceTree = "<group>"; };
		464619FB2AB1DB210042765C /* CACornerMask+Extension.swift */ = {isa = PBXFileReference; fileEncoding = 4; lastKnownFileType = sourcecode.swift; path = "CACornerMask+Extension.swift"; sourceTree = "<group>"; };
		464619FD2AB1DB2C0042765C /* UIView+Extension.swift */ = {isa = PBXFileReference; fileEncoding = 4; lastKnownFileType = sourcecode.swift; path = "UIView+Extension.swift"; sourceTree = "<group>"; };
		46461A022AB1E23E0042765C /* LatestDealTableViewCell.swift */ = {isa = PBXFileReference; lastKnownFileType = sourcecode.swift; path = LatestDealTableViewCell.swift; sourceTree = "<group>"; };
		46461A042AB1E2540042765C /* LatestDealTableViewCellScreen.swift */ = {isa = PBXFileReference; lastKnownFileType = sourcecode.swift; path = LatestDealTableViewCellScreen.swift; sourceTree = "<group>"; };
		46461A092AB1E6C80042765C /* LatestDealTableViewCellViewModel.swift */ = {isa = PBXFileReference; lastKnownFileType = sourcecode.swift; path = LatestDealTableViewCellViewModel.swift; sourceTree = "<group>"; };
		46461A0D2AB1EDB70042765C /* ListOffersTableViewCell.swift */ = {isa = PBXFileReference; lastKnownFileType = sourcecode.swift; path = ListOffersTableViewCell.swift; sourceTree = "<group>"; };
		46461A102AB1EDCF0042765C /* ListOffersTableViewCellScreen.swift */ = {isa = PBXFileReference; lastKnownFileType = sourcecode.swift; path = ListOffersTableViewCellScreen.swift; sourceTree = "<group>"; };
		46461A132AB32DCE0042765C /* MagnifyGlassVC.swift */ = {isa = PBXFileReference; lastKnownFileType = sourcecode.swift; path = MagnifyGlassVC.swift; sourceTree = "<group>"; };
		46461A172AB32DF50042765C /* MagnifyGlassScreen.swift */ = {isa = PBXFileReference; lastKnownFileType = sourcecode.swift; path = MagnifyGlassScreen.swift; sourceTree = "<group>"; };
		46461A1B2AB33C180042765C /* WalletVC.swift */ = {isa = PBXFileReference; lastKnownFileType = sourcecode.swift; path = WalletVC.swift; sourceTree = "<group>"; };
		46461A1E2AB33C2C0042765C /* WalletScreen.swift */ = {isa = PBXFileReference; lastKnownFileType = sourcecode.swift; path = WalletScreen.swift; sourceTree = "<group>"; };
		46461A212AB33EFA0042765C /* WalletViewModel.swift */ = {isa = PBXFileReference; lastKnownFileType = sourcecode.swift; path = WalletViewModel.swift; sourceTree = "<group>"; };
		46461A242AB33F6D0042765C /* WalletService.swift */ = {isa = PBXFileReference; lastKnownFileType = sourcecode.swift; path = WalletService.swift; sourceTree = "<group>"; };
		46461A262AB3403E0042765C /* WalletDataTests.json */ = {isa = PBXFileReference; lastKnownFileType = text.json; path = WalletDataTests.json; sourceTree = "<group>"; };
		46461A2A2AB341A90042765C /* WalletData.swift */ = {isa = PBXFileReference; lastKnownFileType = sourcecode.swift; path = WalletData.swift; sourceTree = "<group>"; };
		46461A332AB366230042765C /* QuotationEthTableViewCell.swift */ = {isa = PBXFileReference; lastKnownFileType = sourcecode.swift; path = QuotationEthTableViewCell.swift; sourceTree = "<group>"; };
		46461A352AB366320042765C /* QuotationEthTableViewCellScreen.swift */ = {isa = PBXFileReference; lastKnownFileType = sourcecode.swift; path = QuotationEthTableViewCellScreen.swift; sourceTree = "<group>"; };
		464D40CB2AA8AA8000D5DFDE /* AlertController.swift */ = {isa = PBXFileReference; lastKnownFileType = sourcecode.swift; path = AlertController.swift; sourceTree = "<group>"; };
		464D40D02AA8B1C800D5DFDE /* TabBarVC.swift */ = {isa = PBXFileReference; lastKnownFileType = sourcecode.swift; path = TabBarVC.swift; sourceTree = "<group>"; };
		464D40D42AA8B29700D5DFDE /* HomeVC.swift */ = {isa = PBXFileReference; lastKnownFileType = sourcecode.swift; path = HomeVC.swift; sourceTree = "<group>"; };
		464D40D82AA8B70500D5DFDE /* HomeScreen.swift */ = {isa = PBXFileReference; lastKnownFileType = sourcecode.swift; path = HomeScreen.swift; sourceTree = "<group>"; };
		464D40DB2AA9F9AE00D5DFDE /* HomeViewModel.swift */ = {isa = PBXFileReference; lastKnownFileType = sourcecode.swift; path = HomeViewModel.swift; sourceTree = "<group>"; };
		464D40DF2AA9FA6000D5DFDE /* HomeService.swift */ = {isa = PBXFileReference; lastKnownFileType = sourcecode.swift; path = HomeService.swift; sourceTree = "<group>"; };
		464D40E12AA9FC2500D5DFDE /* GenericService.swift */ = {isa = PBXFileReference; lastKnownFileType = sourcecode.swift; path = GenericService.swift; sourceTree = "<group>"; };
		464D40E42AA9FF8D00D5DFDE /* HomeDataTests.json */ = {isa = PBXFileReference; fileEncoding = 4; lastKnownFileType = text.json; path = HomeDataTests.json; sourceTree = "<group>"; };
		464D40E72AAA013800D5DFDE /* NFTData.swift */ = {isa = PBXFileReference; lastKnownFileType = sourcecode.swift; path = NFTData.swift; sourceTree = "<group>"; };
		467DE4AB2AAB4FDC000484D2 /* NftFilterCollectionViewCell.swift */ = {isa = PBXFileReference; lastKnownFileType = sourcecode.swift; path = NftFilterCollectionViewCell.swift; sourceTree = "<group>"; };
		467DE4AE2AAB506E000484D2 /* NftFilterCollectionViewCellScreen.swift */ = {isa = PBXFileReference; lastKnownFileType = sourcecode.swift; path = NftFilterCollectionViewCellScreen.swift; sourceTree = "<group>"; };
		46CC89172AAF4E62002664A8 /* NftDetailVC.swift */ = {isa = PBXFileReference; lastKnownFileType = sourcecode.swift; path = NftDetailVC.swift; sourceTree = "<group>"; };
		46CC891B2AAF4EA8002664A8 /* NftDetailViewModel.swift */ = {isa = PBXFileReference; lastKnownFileType = sourcecode.swift; path = NftDetailViewModel.swift; sourceTree = "<group>"; };
		46CC891E2AAF4EE5002664A8 /* NftDetailScreen.swift */ = {isa = PBXFileReference; lastKnownFileType = sourcecode.swift; path = NftDetailScreen.swift; sourceTree = "<group>"; };
		46CC89212AB086A8002664A8 /* NftImageTableViewCell.swift */ = {isa = PBXFileReference; lastKnownFileType = sourcecode.swift; path = NftImageTableViewCell.swift; sourceTree = "<group>"; };
		46CC89252AB087B4002664A8 /* NftImageTableViewCellScreen.swift */ = {isa = PBXFileReference; lastKnownFileType = sourcecode.swift; path = NftImageTableViewCellScreen.swift; sourceTree = "<group>"; };
		46CC892A2AB099B3002664A8 /* NftDescriptionTableViewCell.swift */ = {isa = PBXFileReference; lastKnownFileType = sourcecode.swift; path = NftDescriptionTableViewCell.swift; sourceTree = "<group>"; };
		46CC892C2AB099D0002664A8 /* NftDescriptionTableViewCellScreen.swift */ = {isa = PBXFileReference; lastKnownFileType = sourcecode.swift; path = NftDescriptionTableViewCellScreen.swift; sourceTree = "<group>"; };
		46EB51FB2AACA0370099F85E /* NftTableViewCell.swift */ = {isa = PBXFileReference; lastKnownFileType = sourcecode.swift; path = NftTableViewCell.swift; sourceTree = "<group>"; };
		46EB51FF2AACA1410099F85E /* NftTableViewCellScreen.swift */ = {isa = PBXFileReference; lastKnownFileType = sourcecode.swift; path = NftTableViewCellScreen.swift; sourceTree = "<group>"; };
/* End PBXFileReference section */

/* Begin PBXFrameworksBuildPhase section */
		3A1835952BE0E6460086D01B /* Frameworks */ = {
			isa = PBXFrameworksBuildPhase;
			buildActionMask = 2147483647;
			files = (
			);
			runOnlyForDeploymentPostprocessing = 0;
		};
		4602FBCC2A87B8FA0028BED4 /* Frameworks */ = {
			isa = PBXFrameworksBuildPhase;
			buildActionMask = 2147483647;
			files = (
				462C8C062AA60AA200E85A9E /* FirebaseAuth in Frameworks */,
				462C8C082AA60AA200E85A9E /* FirebaseCrashlytics in Frameworks */,
			);
			runOnlyForDeploymentPostprocessing = 0;
		};
/* End PBXFrameworksBuildPhase section */

/* Begin PBXGroup section */
		3A1835992BE0E6460086D01B /* AppBackFrontTests */ = {
			isa = PBXGroup;
			children = (
				3A1835A72BE0F47D0086D01B /* Resources */,
				3A1835A22BE0F3540086D01B /* ServicesTests */,
				3A1835A12BE0E64E0086D01B /* ViewModelTests */,
			);
			path = AppBackFrontTests;
			sourceTree = "<group>";
		};
		3A1835A12BE0E64E0086D01B /* ViewModelTests */ = {
			isa = PBXGroup;
			children = (
				3A18359A2BE0E6460086D01B /* HomeViewModelTests.swift */,
				3AB7CFA12BE128ED00280200 /* WalletViewModelTests.swift */,
			);
			path = ViewModelTests;
			sourceTree = "<group>";
		};
		3A1835A22BE0F3540086D01B /* ServicesTests */ = {
			isa = PBXGroup;
			children = (
				3A1835A32BE0F3650086D01B /* NetworkTests.swift */,
				3A1835A52BE0F3B90086D01B /* URLSessionMock.swift */,
				3A1835B22BE1202E0086D01B /* HomeServiceTests.swift */,
			);
			path = ServicesTests;
			sourceTree = "<group>";
		};
		3A1835A72BE0F47D0086D01B /* Resources */ = {
			isa = PBXGroup;
			children = (
				3A1835B02BE115D90086D01B /* imageTest.jpg */,
				464D40E42AA9FF8D00D5DFDE /* HomeDataTests.json */,
				46461A262AB3403E0042765C /* WalletDataTests.json */,
			);
			path = Resources;
			sourceTree = "<group>";
		};
		4602FBC62A87B8FA0028BED4 = {
			isa = PBXGroup;
			children = (
				3A1835922BE0D5260086D01B /* README.md */,
				4602FBD12A87B8FA0028BED4 /* AppBackFront */,
				3A1835992BE0E6460086D01B /* AppBackFrontTests */,
				4602FBD02A87B8FA0028BED4 /* Products */,
			);
			sourceTree = "<group>";
		};
		4602FBD02A87B8FA0028BED4 /* Products */ = {
			isa = PBXGroup;
			children = (
				4602FBCF2A87B8FA0028BED4 /* AppBackFront.app */,
				3A1835982BE0E6460086D01B /* AppBackFrontTests.xctest */,
			);
			name = Products;
			sourceTree = "<group>";
		};
		4602FBD12A87B8FA0028BED4 /* AppBackFront */ = {
			isa = PBXGroup;
			children = (
				464D40D22AA8B21E00D5DFDE /* Feature */,
				464D40CA2AA8AA6300D5DFDE /* Alert */,
				464D40E62AAA011900D5DFDE /* Model */,
				464D40E32AA9FF6600D5DFDE /* Json */,
				464D40DD2AA9FA3100D5DFDE /* Service */,
				464D40CD2AA8B0AC00D5DFDE /* TabBarController */,
				462C8C092AA60E2F00E85A9E /* Utils */,
				4602FBD22A87B8FA0028BED4 /* AppDelegate.swift */,
				4602FBD42A87B8FA0028BED4 /* SceneDelegate.swift */,
				4602FBDB2A87B8FC0028BED4 /* Assets.xcassets */,
				4602FBDD2A87B8FC0028BED4 /* LaunchScreen.storyboard */,
				462C8C022AA6098600E85A9E /* GoogleService-Info.plist */,
				4602FBE02A87B8FC0028BED4 /* Info.plist */,
			);
			path = AppBackFront;
			sourceTree = "<group>";
		};
		462C8C092AA60E2F00E85A9E /* Utils */ = {
			isa = PBXGroup;
			children = (
				462C8C0A2AA60E3600E85A9E /* Extension */,
			);
			path = Utils;
			sourceTree = "<group>";
		};
		462C8C0A2AA60E3600E85A9E /* Extension */ = {
			isa = PBXGroup;
			children = (
				464619FD2AB1DB2C0042765C /* UIView+Extension.swift */,
				464619FB2AB1DB210042765C /* CACornerMask+Extension.swift */,
				462C8C0B2AA60E8E00E85A9E /* UIViewController+Extension.swift */,
				462C8C0D2AA617A600E85A9E /* String+Extension.swift */,
				3AD2797A2BE01B2000CA6B00 /* Interface.swift */,
				3ACF87022BE1380F00703093 /* Colors.swift */,
			);
			path = Extension;
			sourceTree = "<group>";
		};
		463FB9B02AB484720041DD08 /* LatestTransactionsTableViewCell */ = {
			isa = PBXGroup;
			children = (
				463FB9B22AB484880041DD08 /* TableViewCell */,
				463FB9B12AB484830041DD08 /* Screen */,
				463FB9B82AB486EE0041DD08 /* ViewModel */,
			);
			path = LatestTransactionsTableViewCell;
			sourceTree = "<group>";
		};
		463FB9B12AB484830041DD08 /* Screen */ = {
			isa = PBXGroup;
			children = (
				463FB9B52AB484B60041DD08 /* LatestTransactionsTableViewCellScreen.swift */,
			);
			path = Screen;
			sourceTree = "<group>";
		};
		463FB9B22AB484880041DD08 /* TableViewCell */ = {
			isa = PBXGroup;
			children = (
				463FB9B32AB484A50041DD08 /* LatestTransactionsTableViewCell.swift */,
				3ACF87042BE14FB600703093 /* LatestTransactionsViewCell.swift */,
			);
			path = TableViewCell;
			sourceTree = "<group>";
		};
		463FB9B82AB486EE0041DD08 /* ViewModel */ = {
			isa = PBXGroup;
			children = (
				463FB9B92AB487360041DD08 /* LatestTransactionsTableViewCellViewModel.swift */,
			);
			path = ViewModel;
			sourceTree = "<group>";
		};
		463FB9BB2AB488FD0041DD08 /* ListOfTransactionTableViewCell */ = {
			isa = PBXGroup;
			children = (
				463FB9BC2AB489080041DD08 /* TableViewCell */,
				463FB9BD2AB4890D0041DD08 /* Screen */,
			);
			path = ListOfTransactionTableViewCell;
			sourceTree = "<group>";
		};
		463FB9BC2AB489080041DD08 /* TableViewCell */ = {
			isa = PBXGroup;
			children = (
				463FB9BE2AB489220041DD08 /* ListOfTransactionTableViewCell.swift */,
			);
			path = TableViewCell;
			sourceTree = "<group>";
		};
		463FB9BD2AB4890D0041DD08 /* Screen */ = {
			isa = PBXGroup;
			children = (
				463FB9C02AB4892E0041DD08 /* ListOfTransactionTableViewCellScreen.swift */,
			);
			path = Screen;
			sourceTree = "<group>";
		};
		463FB9C22AB4BE840041DD08 /* Profile */ = {
			isa = PBXGroup;
			children = (
				463FB9C32AB4BE8F0041DD08 /* ViewController */,
				463FB9C42AB4BE950041DD08 /* Screen */,
				463FB9C52AB4BE9A0041DD08 /* ViewModel */,
			);
			path = Profile;
			sourceTree = "<group>";
		};
		463FB9C32AB4BE8F0041DD08 /* ViewController */ = {
			isa = PBXGroup;
			children = (
				463FB9C62AB4BEF40041DD08 /* ProfileVC.swift */,
			);
			path = ViewController;
			sourceTree = "<group>";
		};
		463FB9C42AB4BE950041DD08 /* Screen */ = {
			isa = PBXGroup;
			children = (
				463FB9C82AB4BF160041DD08 /* ProfileScreen.swift */,
			);
			path = Screen;
			sourceTree = "<group>";
		};
		463FB9C52AB4BE9A0041DD08 /* ViewModel */ = {
			isa = PBXGroup;
			children = (
				463FB9CA2AB4BF390041DD08 /* ProfileViewModel.swift */,
			);
			path = ViewModel;
			sourceTree = "<group>";
		};
		463FB9CC2AB4BFA20041DD08 /* ProfileCells */ = {
			isa = PBXGroup;
			children = (
				463FB9D42AB5D1950041DD08 /* ProfileTableViewCell */,
				463FB9CD2AB4C0030041DD08 /* ProfileImageTableViewCell */,
			);
			path = ProfileCells;
			sourceTree = "<group>";
		};
		463FB9CD2AB4C0030041DD08 /* ProfileImageTableViewCell */ = {
			isa = PBXGroup;
			children = (
				463FB9CE2AB4C01B0041DD08 /* TableViewCell */,
				463FB9CF2AB4C0220041DD08 /* Screen */,
			);
			path = ProfileImageTableViewCell;
			sourceTree = "<group>";
		};
		463FB9CE2AB4C01B0041DD08 /* TableViewCell */ = {
			isa = PBXGroup;
			children = (
				463FB9D02AB4C0330041DD08 /* ProfileImageTableViewCell.swift */,
			);
			path = TableViewCell;
			sourceTree = "<group>";
		};
		463FB9CF2AB4C0220041DD08 /* Screen */ = {
			isa = PBXGroup;
			children = (
				463FB9D22AB4C03F0041DD08 /* ProfileImageTableViewCellScreen.swift */,
			);
			path = Screen;
			sourceTree = "<group>";
		};
		463FB9D42AB5D1950041DD08 /* ProfileTableViewCell */ = {
			isa = PBXGroup;
			children = (
				463FB9D52AB5D1A50041DD08 /* TableViewCell */,
				463FB9D62AB5D1AC0041DD08 /* Screen */,
			);
			path = ProfileTableViewCell;
			sourceTree = "<group>";
		};
		463FB9D52AB5D1A50041DD08 /* TableViewCell */ = {
			isa = PBXGroup;
			children = (
				463FB9D72AB5D1C00041DD08 /* ProfileTableViewCell.swift */,
			);
			path = TableViewCell;
			sourceTree = "<group>";
		};
		463FB9D62AB5D1AC0041DD08 /* Screen */ = {
			isa = PBXGroup;
			children = (
				463FB9D92AB5D1CC0041DD08 /* ProfileTableViewCellScreen.swift */,
				3A17F4C02BE2A11600C5649D /* ProfileView.swift */,
			);
			path = Screen;
			sourceTree = "<group>";
		};
		464522902A8AB98B005CC18E /* Login */ = {
			isa = PBXGroup;
			children = (
				464522922A8AB99F005CC18E /* Screen */,
				464522912A8AB993005CC18E /* VC */,
			);
			path = Login;
			sourceTree = "<group>";
		};
		464522912A8AB993005CC18E /* VC */ = {
			isa = PBXGroup;
			children = (
				4602FBD62A87B8FA0028BED4 /* LoginVC.swift */,
			);
			path = VC;
			sourceTree = "<group>";
		};
		464522922A8AB99F005CC18E /* Screen */ = {
			isa = PBXGroup;
			children = (
				4645228E2A8AB1B6005CC18E /* LoginScreen.swift */,
			);
			path = Screen;
			sourceTree = "<group>";
		};
		464619FF2AB1E1F60042765C /* LatestDealTableViewCell */ = {
			isa = PBXGroup;
			children = (
				46461A012AB1E20E0042765C /* TableViewCell */,
				46461A002AB1E20C0042765C /* Screen */,
				46461A062AB1E6320042765C /* ViewModel */,
			);
			path = LatestDealTableViewCell;
			sourceTree = "<group>";
		};
		46461A002AB1E20C0042765C /* Screen */ = {
			isa = PBXGroup;
			children = (
				46461A042AB1E2540042765C /* LatestDealTableViewCellScreen.swift */,
			);
			path = Screen;
			sourceTree = "<group>";
		};
		46461A012AB1E20E0042765C /* TableViewCell */ = {
			isa = PBXGroup;
			children = (
				46461A022AB1E23E0042765C /* LatestDealTableViewCell.swift */,
			);
			path = TableViewCell;
			sourceTree = "<group>";
		};
		46461A062AB1E6320042765C /* ViewModel */ = {
			isa = PBXGroup;
			children = (
				46461A092AB1E6C80042765C /* LatestDealTableViewCellViewModel.swift */,
			);
			path = ViewModel;
			sourceTree = "<group>";
		};
		46461A0B2AB1ED830042765C /* ListOffersTableViewCell */ = {
			isa = PBXGroup;
			children = (
				46461A0C2AB1ED990042765C /* TableViewCell */,
				46461A0F2AB1EDBC0042765C /* Screen */,
			);
			path = ListOffersTableViewCell;
			sourceTree = "<group>";
		};
		46461A0C2AB1ED990042765C /* TableViewCell */ = {
			isa = PBXGroup;
			children = (
				46461A0D2AB1EDB70042765C /* ListOffersTableViewCell.swift */,
			);
			path = TableViewCell;
			sourceTree = "<group>";
		};
		46461A0F2AB1EDBC0042765C /* Screen */ = {
			isa = PBXGroup;
			children = (
				46461A102AB1EDCF0042765C /* ListOffersTableViewCellScreen.swift */,
			);
			path = Screen;
			sourceTree = "<group>";
		};
		46461A122AB32D880042765C /* MagnifyGlass */ = {
			isa = PBXGroup;
			children = (
				46461A152AB32DD30042765C /* ViewController */,
				46461A162AB32DDA0042765C /* Screen */,
			);
			path = MagnifyGlass;
			sourceTree = "<group>";
		};
		46461A152AB32DD30042765C /* ViewController */ = {
			isa = PBXGroup;
			children = (
				46461A132AB32DCE0042765C /* MagnifyGlassVC.swift */,
			);
			path = ViewController;
			sourceTree = "<group>";
		};
		46461A162AB32DDA0042765C /* Screen */ = {
			isa = PBXGroup;
			children = (
				46461A172AB32DF50042765C /* MagnifyGlassScreen.swift */,
			);
			path = Screen;
			sourceTree = "<group>";
		};
		46461A192AB33BF00042765C /* Wallet */ = {
			isa = PBXGroup;
			children = (
				46461A1A2AB33BFC0042765C /* ViewController */,
				46461A1D2AB33C1B0042765C /* Screen */,
				46461A202AB33EDD0042765C /* ViewModel */,
			);
			path = Wallet;
			sourceTree = "<group>";
		};
		46461A1A2AB33BFC0042765C /* ViewController */ = {
			isa = PBXGroup;
			children = (
				46461A1B2AB33C180042765C /* WalletVC.swift */,
			);
			path = ViewController;
			sourceTree = "<group>";
		};
		46461A1D2AB33C1B0042765C /* Screen */ = {
			isa = PBXGroup;
			children = (
				46461A1E2AB33C2C0042765C /* WalletScreen.swift */,
			);
			path = Screen;
			sourceTree = "<group>";
		};
		46461A202AB33EDD0042765C /* ViewModel */ = {
			isa = PBXGroup;
			children = (
				46461A212AB33EFA0042765C /* WalletViewModel.swift */,
			);
			path = ViewModel;
			sourceTree = "<group>";
		};
		46461A232AB33F4B0042765C /* WalletService */ = {
			isa = PBXGroup;
			children = (
				46461A242AB33F6D0042765C /* WalletService.swift */,
			);
			path = WalletService;
			sourceTree = "<group>";
		};
		46461A2C2AB3654D0042765C /* HomeCells */ = {
			isa = PBXGroup;
			children = (
				467DE4AA2AAB4FB4000484D2 /* NftFilterCollectionViewCell */,
				46EB51FA2AAC9FE80099F85E /* NftTableViewCell */,
				46CC89202AB08685002664A8 /* NftImageTableViewCell */,
				46CC89272AB0996A002664A8 /* NftDescriptionTableViewCell */,
				464619FF2AB1E1F60042765C /* LatestDealTableViewCell */,
				46461A0B2AB1ED830042765C /* ListOffersTableViewCell */,
			);
			path = HomeCells;
			sourceTree = "<group>";
		};
		46461A2E2AB3657F0042765C /* WalletCells */ = {
			isa = PBXGroup;
			children = (
				463FB9BB2AB488FD0041DD08 /* ListOfTransactionTableViewCell */,
				463FB9B02AB484720041DD08 /* LatestTransactionsTableViewCell */,
				46461A2F2AB365AB0042765C /* QuotationEthTableViewCell */,
			);
			path = WalletCells;
			sourceTree = "<group>";
		};
		46461A2F2AB365AB0042765C /* QuotationEthTableViewCell */ = {
			isa = PBXGroup;
			children = (
				46461A312AB365F90042765C /* TableViewCell */,
				46461A322AB366010042765C /* Screen */,
			);
			path = QuotationEthTableViewCell;
			sourceTree = "<group>";
		};
		46461A312AB365F90042765C /* TableViewCell */ = {
			isa = PBXGroup;
			children = (
				46461A332AB366230042765C /* QuotationEthTableViewCell.swift */,
				3ACF87002BE1346800703093 /* QuotationEthCell.swift */,
			);
			path = TableViewCell;
			sourceTree = "<group>";
		};
		46461A322AB366010042765C /* Screen */ = {
			isa = PBXGroup;
			children = (
				46461A352AB366320042765C /* QuotationEthTableViewCellScreen.swift */,
			);
			path = Screen;
			sourceTree = "<group>";
		};
		464D40CA2AA8AA6300D5DFDE /* Alert */ = {
			isa = PBXGroup;
			children = (
				464D40CB2AA8AA8000D5DFDE /* AlertController.swift */,
			);
			path = Alert;
			sourceTree = "<group>";
		};
		464D40CD2AA8B0AC00D5DFDE /* TabBarController */ = {
			isa = PBXGroup;
			children = (
				464D40D02AA8B1C800D5DFDE /* TabBarVC.swift */,
			);
			path = TabBarController;
			sourceTree = "<group>";
		};
		464D40D22AA8B21E00D5DFDE /* Feature */ = {
			isa = PBXGroup;
			children = (
				464D40D32AA8B23F00D5DFDE /* Home */,
				464522902A8AB98B005CC18E /* Login */,
				46CC89162AAF4E35002664A8 /* NftDetail */,
				46461A122AB32D880042765C /* MagnifyGlass */,
				46461A192AB33BF00042765C /* Wallet */,
				463FB9C22AB4BE840041DD08 /* Profile */,
				467DE4A92AAB4FAB000484D2 /* Cells */,
			);
			path = Feature;
			sourceTree = "<group>";
		};
		464D40D32AA8B23F00D5DFDE /* Home */ = {
			isa = PBXGroup;
			children = (
				464D40D62AA8B6E300D5DFDE /* ViewController */,
				464D40D72AA8B6EE00D5DFDE /* Screen */,
				464D40DA2AA9F85A00D5DFDE /* ViewModel */,
			);
			path = Home;
			sourceTree = "<group>";
		};
		464D40D62AA8B6E300D5DFDE /* ViewController */ = {
			isa = PBXGroup;
			children = (
				464D40D42AA8B29700D5DFDE /* HomeVC.swift */,
			);
			path = ViewController;
			sourceTree = "<group>";
		};
		464D40D72AA8B6EE00D5DFDE /* Screen */ = {
			isa = PBXGroup;
			children = (
				464D40D82AA8B70500D5DFDE /* HomeScreen.swift */,
			);
			path = Screen;
			sourceTree = "<group>";
		};
		464D40DA2AA9F85A00D5DFDE /* ViewModel */ = {
			isa = PBXGroup;
			children = (
				464D40DB2AA9F9AE00D5DFDE /* HomeViewModel.swift */,
			);
			path = ViewModel;
			sourceTree = "<group>";
		};
		464D40DD2AA9FA3100D5DFDE /* Service */ = {
			isa = PBXGroup;
			children = (
				467DE4B12AAB50AD000484D2 /* Generic */,
				464D40DE2AA9FA4E00D5DFDE /* HomeService */,
				46461A232AB33F4B0042765C /* WalletService */,
			);
			path = Service;
			sourceTree = "<group>";
		};
		464D40DE2AA9FA4E00D5DFDE /* HomeService */ = {
			isa = PBXGroup;
			children = (
				464D40DF2AA9FA6000D5DFDE /* HomeService.swift */,
			);
			path = HomeService;
			sourceTree = "<group>";
		};
		464D40E32AA9FF6600D5DFDE /* Json */ = {
			isa = PBXGroup;
			children = (
				3A1835AA2BE0F5430086D01B /* HomeData.json */,
				3A1835AB2BE0F5430086D01B /* WalletData.json */,
			);
			path = Json;
			sourceTree = "<group>";
		};
		464D40E62AAA011900D5DFDE /* Model */ = {
			isa = PBXGroup;
			children = (
				464D40E72AAA013800D5DFDE /* NFTData.swift */,
				46461A2A2AB341A90042765C /* WalletData.swift */,
			);
			path = Model;
			sourceTree = "<group>";
		};
		467DE4A92AAB4FAB000484D2 /* Cells */ = {
			isa = PBXGroup;
			children = (
				463FB9CC2AB4BFA20041DD08 /* ProfileCells */,
				46461A2E2AB3657F0042765C /* WalletCells */,
				46461A2C2AB3654D0042765C /* HomeCells */,
			);
			path = Cells;
			sourceTree = "<group>";
		};
		467DE4AA2AAB4FB4000484D2 /* NftFilterCollectionViewCell */ = {
			isa = PBXGroup;
			children = (
				467DE4B02AAB5075000484D2 /* CollectionViewCell */,
				467DE4AD2AAB504A000484D2 /* Screen */,
			);
			path = NftFilterCollectionViewCell;
			sourceTree = "<group>";
		};
		467DE4AD2AAB504A000484D2 /* Screen */ = {
			isa = PBXGroup;
			children = (
				467DE4AE2AAB506E000484D2 /* NftFilterCollectionViewCellScreen.swift */,
			);
			path = Screen;
			sourceTree = "<group>";
		};
		467DE4B02AAB5075000484D2 /* CollectionViewCell */ = {
			isa = PBXGroup;
			children = (
				467DE4AB2AAB4FDC000484D2 /* NftFilterCollectionViewCell.swift */,
			);
			path = CollectionViewCell;
			sourceTree = "<group>";
		};
		467DE4B12AAB50AD000484D2 /* Generic */ = {
			isa = PBXGroup;
			children = (
				464D40E12AA9FC2500D5DFDE /* GenericService.swift */,
				3AD2797C2BE01FF700CA6B00 /* Network.swift */,
			);
			path = Generic;
			sourceTree = "<group>";
		};
		46CC89162AAF4E35002664A8 /* NftDetail */ = {
			isa = PBXGroup;
			children = (
				46CC89192AAF4E6F002664A8 /* ViewController */,
				46CC891D2AAF4EB7002664A8 /* Screen */,
				46CC891A2AAF4E93002664A8 /* ViewModel */,
			);
			path = NftDetail;
			sourceTree = "<group>";
		};
		46CC89192AAF4E6F002664A8 /* ViewController */ = {
			isa = PBXGroup;
			children = (
				46CC89172AAF4E62002664A8 /* NftDetailVC.swift */,
			);
			path = ViewController;
			sourceTree = "<group>";
		};
		46CC891A2AAF4E93002664A8 /* ViewModel */ = {
			isa = PBXGroup;
			children = (
				46CC891B2AAF4EA8002664A8 /* NftDetailViewModel.swift */,
			);
			path = ViewModel;
			sourceTree = "<group>";
		};
		46CC891D2AAF4EB7002664A8 /* Screen */ = {
			isa = PBXGroup;
			children = (
				46CC891E2AAF4EE5002664A8 /* NftDetailScreen.swift */,
			);
			path = Screen;
			sourceTree = "<group>";
		};
		46CC89202AB08685002664A8 /* NftImageTableViewCell */ = {
			isa = PBXGroup;
			children = (
				46CC89232AB086B3002664A8 /* TableViewCell */,
				46CC89242AB08794002664A8 /* Screen */,
			);
			path = NftImageTableViewCell;
			sourceTree = "<group>";
		};
		46CC89232AB086B3002664A8 /* TableViewCell */ = {
			isa = PBXGroup;
			children = (
				46CC89212AB086A8002664A8 /* NftImageTableViewCell.swift */,
			);
			path = TableViewCell;
			sourceTree = "<group>";
		};
		46CC89242AB08794002664A8 /* Screen */ = {
			isa = PBXGroup;
			children = (
				46CC89252AB087B4002664A8 /* NftImageTableViewCellScreen.swift */,
			);
			path = Screen;
			sourceTree = "<group>";
		};
		46CC89272AB0996A002664A8 /* NftDescriptionTableViewCell */ = {
			isa = PBXGroup;
			children = (
				46CC89282AB0997B002664A8 /* TableViewCell */,
				46CC89292AB09982002664A8 /* Screen */,
			);
			path = NftDescriptionTableViewCell;
			sourceTree = "<group>";
		};
		46CC89282AB0997B002664A8 /* TableViewCell */ = {
			isa = PBXGroup;
			children = (
				46CC892A2AB099B3002664A8 /* NftDescriptionTableViewCell.swift */,
			);
			path = TableViewCell;
			sourceTree = "<group>";
		};
		46CC89292AB09982002664A8 /* Screen */ = {
			isa = PBXGroup;
			children = (
				46CC892C2AB099D0002664A8 /* NftDescriptionTableViewCellScreen.swift */,
			);
			path = Screen;
			sourceTree = "<group>";
		};
		46EB51FA2AAC9FE80099F85E /* NftTableViewCell */ = {
			isa = PBXGroup;
			children = (
				46EB51FD2AACA10F0099F85E /* TableViewCell */,
				46EB51FE2AACA1230099F85E /* Screen */,
			);
			path = NftTableViewCell;
			sourceTree = "<group>";
		};
		46EB51FD2AACA10F0099F85E /* TableViewCell */ = {
			isa = PBXGroup;
			children = (
				46EB51FB2AACA0370099F85E /* NftTableViewCell.swift */,
			);
			path = TableViewCell;
			sourceTree = "<group>";
		};
		46EB51FE2AACA1230099F85E /* Screen */ = {
			isa = PBXGroup;
			children = (
				46EB51FF2AACA1410099F85E /* NftTableViewCellScreen.swift */,
			);
			path = Screen;
			sourceTree = "<group>";
		};
/* End PBXGroup section */

/* Begin PBXNativeTarget section */
		3A1835972BE0E6460086D01B /* AppBackFrontTests */ = {
			isa = PBXNativeTarget;
			buildConfigurationList = 3A18359E2BE0E6460086D01B /* Build configuration list for PBXNativeTarget "AppBackFrontTests" */;
			buildPhases = (
				3A1835942BE0E6460086D01B /* Sources */,
				3A1835952BE0E6460086D01B /* Frameworks */,
				3A1835962BE0E6460086D01B /* Resources */,
			);
			buildRules = (
			);
			dependencies = (
				3A18359D2BE0E6460086D01B /* PBXTargetDependency */,
			);
			name = AppBackFrontTests;
			productName = AppBackFrontTests;
			productReference = 3A1835982BE0E6460086D01B /* AppBackFrontTests.xctest */;
			productType = "com.apple.product-type.bundle.unit-test";
		};
		4602FBCE2A87B8FA0028BED4 /* AppBackFront */ = {
			isa = PBXNativeTarget;
			buildConfigurationList = 4602FBE32A87B8FC0028BED4 /* Build configuration list for PBXNativeTarget "AppBackFront" */;
			buildPhases = (
				4602FBCB2A87B8FA0028BED4 /* Sources */,
				4602FBCC2A87B8FA0028BED4 /* Frameworks */,
				4602FBCD2A87B8FA0028BED4 /* Resources */,
			);
			buildRules = (
			);
			dependencies = (
			);
			name = AppBackFront;
			packageProductDependencies = (
				462C8C052AA60AA200E85A9E /* FirebaseAuth */,
				462C8C072AA60AA200E85A9E /* FirebaseCrashlytics */,
			);
			productName = AppBackFront;
			productReference = 4602FBCF2A87B8FA0028BED4 /* AppBackFront.app */;
			productType = "com.apple.product-type.application";
		};
/* End PBXNativeTarget section */

/* Begin PBXProject section */
		4602FBC72A87B8FA0028BED4 /* Project object */ = {
			isa = PBXProject;
			attributes = {
				BuildIndependentTargetsInParallel = 1;
				LastSwiftUpdateCheck = 1530;
				LastUpgradeCheck = 1530;
				TargetAttributes = {
					3A1835972BE0E6460086D01B = {
						CreatedOnToolsVersion = 15.3;
						TestTargetID = 4602FBCE2A87B8FA0028BED4;
					};
					4602FBCE2A87B8FA0028BED4 = {
						CreatedOnToolsVersion = 14.3;
					};
				};
			};
			buildConfigurationList = 4602FBCA2A87B8FA0028BED4 /* Build configuration list for PBXProject "AppBackFront" */;
			compatibilityVersion = "Xcode 14.0";
			developmentRegion = en;
			hasScannedForEncodings = 0;
			knownRegions = (
				en,
				Base,
			);
			mainGroup = 4602FBC62A87B8FA0028BED4;
			packageReferences = (
				462C8C042AA60AA200E85A9E /* XCRemoteSwiftPackageReference "firebase-ios-sdk" */,
			);
			productRefGroup = 4602FBD02A87B8FA0028BED4 /* Products */;
			projectDirPath = "";
			projectRoot = "";
			targets = (
				4602FBCE2A87B8FA0028BED4 /* AppBackFront */,
				3A1835972BE0E6460086D01B /* AppBackFrontTests */,
			);
		};
/* End PBXProject section */

/* Begin PBXResourcesBuildPhase section */
		3A1835962BE0E6460086D01B /* Resources */ = {
			isa = PBXResourcesBuildPhase;
			buildActionMask = 2147483647;
			files = (
				3A1835AF2BE10F500086D01B /* WalletDataTests.json in Resources */,
				3A1835B12BE115D90086D01B /* imageTest.jpg in Resources */,
				3A1835AE2BE10F4D0086D01B /* HomeDataTests.json in Resources */,
			);
			runOnlyForDeploymentPostprocessing = 0;
		};
		4602FBCD2A87B8FA0028BED4 /* Resources */ = {
			isa = PBXResourcesBuildPhase;
			buildActionMask = 2147483647;
			files = (
				3A1835932BE0D5260086D01B /* README.md in Resources */,
				3A1835AC2BE0F5430086D01B /* HomeData.json in Resources */,
				3A1835AD2BE0F5430086D01B /* WalletData.json in Resources */,
				4602FBDF2A87B8FC0028BED4 /* LaunchScreen.storyboard in Resources */,
				462C8C032AA6098600E85A9E /* GoogleService-Info.plist in Resources */,
				4602FBDC2A87B8FC0028BED4 /* Assets.xcassets in Resources */,
			);
			runOnlyForDeploymentPostprocessing = 0;
		};
/* End PBXResourcesBuildPhase section */

/* Begin PBXSourcesBuildPhase section */
		3A1835942BE0E6460086D01B /* Sources */ = {
			isa = PBXSourcesBuildPhase;
			buildActionMask = 2147483647;
			files = (
				3A1835A62BE0F3B90086D01B /* URLSessionMock.swift in Sources */,
				3A1835A42BE0F3650086D01B /* NetworkTests.swift in Sources */,
				3A1835B32BE1202E0086D01B /* HomeServiceTests.swift in Sources */,
				3A18359B2BE0E6460086D01B /* HomeViewModelTests.swift in Sources */,
				3AB7CFA22BE128ED00280200 /* WalletViewModelTests.swift in Sources */,
			);
			runOnlyForDeploymentPostprocessing = 0;
		};
		4602FBCB2A87B8FA0028BED4 /* Sources */ = {
			isa = PBXSourcesBuildPhase;
			buildActionMask = 2147483647;
			files = (
				46461A222AB33EFA0042765C /* WalletViewModel.swift in Sources */,
				464619FC2AB1DB210042765C /* CACornerMask+Extension.swift in Sources */,
				46461A252AB33F6D0042765C /* WalletService.swift in Sources */,
				4602FBD72A87B8FA0028BED4 /* LoginVC.swift in Sources */,
				46CC89262AB087B4002664A8 /* NftImageTableViewCellScreen.swift in Sources */,
				3AD2797D2BE01FF700CA6B00 /* Network.swift in Sources */,
				464D40DC2AA9F9AE00D5DFDE /* HomeViewModel.swift in Sources */,
				4645228F2A8AB1B6005CC18E /* LoginScreen.swift in Sources */,
				4602FBD32A87B8FA0028BED4 /* AppDelegate.swift in Sources */,
				3ACF87052BE14FB600703093 /* LatestTransactionsViewCell.swift in Sources */,
				463FB9B62AB484B60041DD08 /* LatestTransactionsTableViewCellScreen.swift in Sources */,
				463FB9D82AB5D1C00041DD08 /* ProfileTableViewCell.swift in Sources */,
				463FB9D12AB4C0330041DD08 /* ProfileImageTableViewCell.swift in Sources */,
				46461A1F2AB33C2C0042765C /* WalletScreen.swift in Sources */,
				463FB9BA2AB487360041DD08 /* LatestTransactionsTableViewCellViewModel.swift in Sources */,
				463FB9D32AB4C03F0041DD08 /* ProfileImageTableViewCellScreen.swift in Sources */,
				3A17F4C12BE2A11600C5649D /* ProfileView.swift in Sources */,
				464D40D52AA8B29700D5DFDE /* HomeVC.swift in Sources */,
				462C8C0C2AA60E8E00E85A9E /* UIViewController+Extension.swift in Sources */,
				46461A2B2AB341A90042765C /* WalletData.swift in Sources */,
				467DE4AC2AAB4FDC000484D2 /* NftFilterCollectionViewCell.swift in Sources */,
				46461A0E2AB1EDB70042765C /* ListOffersTableViewCell.swift in Sources */,
				463FB9C72AB4BEF40041DD08 /* ProfileVC.swift in Sources */,
				463FB9DA2AB5D1CC0041DD08 /* ProfileTableViewCellScreen.swift in Sources */,
				46CC892D2AB099D0002664A8 /* NftDescriptionTableViewCellScreen.swift in Sources */,
				467DE4AF2AAB506E000484D2 /* NftFilterCollectionViewCellScreen.swift in Sources */,
				46461A0A2AB1E6C80042765C /* LatestDealTableViewCellViewModel.swift in Sources */,
				464D40E22AA9FC2500D5DFDE /* GenericService.swift in Sources */,
				46461A342AB366230042765C /* QuotationEthTableViewCell.swift in Sources */,
				464619FE2AB1DB2C0042765C /* UIView+Extension.swift in Sources */,
				464D40E02AA9FA6000D5DFDE /* HomeService.swift in Sources */,
				46461A182AB32DF50042765C /* MagnifyGlassScreen.swift in Sources */,
				46461A032AB1E23E0042765C /* LatestDealTableViewCell.swift in Sources */,
				3ACF87032BE1380F00703093 /* Colors.swift in Sources */,
				46461A052AB1E2540042765C /* LatestDealTableViewCellScreen.swift in Sources */,
				46461A112AB1EDCF0042765C /* ListOffersTableViewCellScreen.swift in Sources */,
				464D40CC2AA8AA8000D5DFDE /* AlertController.swift in Sources */,
				463FB9BF2AB489220041DD08 /* ListOfTransactionTableViewCell.swift in Sources */,
				464D40D92AA8B70500D5DFDE /* HomeScreen.swift in Sources */,
				3AD2797B2BE01B2000CA6B00 /* Interface.swift in Sources */,
				463FB9C92AB4BF160041DD08 /* ProfileScreen.swift in Sources */,
				463FB9B42AB484A50041DD08 /* LatestTransactionsTableViewCell.swift in Sources */,
				46CC89222AB086A8002664A8 /* NftImageTableViewCell.swift in Sources */,
				464D40E82AAA013800D5DFDE /* NFTData.swift in Sources */,
				46461A1C2AB33C180042765C /* WalletVC.swift in Sources */,
				46461A362AB366320042765C /* QuotationEthTableViewCellScreen.swift in Sources */,
				46461A142AB32DCE0042765C /* MagnifyGlassVC.swift in Sources */,
				462C8C0E2AA617A600E85A9E /* String+Extension.swift in Sources */,
				46CC891C2AAF4EA8002664A8 /* NftDetailViewModel.swift in Sources */,
				3ACF87012BE1346800703093 /* QuotationEthCell.swift in Sources */,
				46CC892B2AB099B3002664A8 /* NftDescriptionTableViewCell.swift in Sources */,
				463FB9CB2AB4BF390041DD08 /* ProfileViewModel.swift in Sources */,
				46CC89182AAF4E62002664A8 /* NftDetailVC.swift in Sources */,
				464D40D12AA8B1C800D5DFDE /* TabBarVC.swift in Sources */,
				463FB9C12AB4892E0041DD08 /* ListOfTransactionTableViewCellScreen.swift in Sources */,
				4602FBD52A87B8FA0028BED4 /* SceneDelegate.swift in Sources */,
				46EB52002AACA1410099F85E /* NftTableViewCellScreen.swift in Sources */,
				46EB51FC2AACA0370099F85E /* NftTableViewCell.swift in Sources */,
				46CC891F2AAF4EE5002664A8 /* NftDetailScreen.swift in Sources */,
			);
			runOnlyForDeploymentPostprocessing = 0;
		};
/* End PBXSourcesBuildPhase section */

/* Begin PBXTargetDependency section */
		3A18359D2BE0E6460086D01B /* PBXTargetDependency */ = {
			isa = PBXTargetDependency;
			target = 4602FBCE2A87B8FA0028BED4 /* AppBackFront */;
			targetProxy = 3A18359C2BE0E6460086D01B /* PBXContainerItemProxy */;
		};
/* End PBXTargetDependency section */

/* Begin PBXVariantGroup section */
		4602FBDD2A87B8FC0028BED4 /* LaunchScreen.storyboard */ = {
			isa = PBXVariantGroup;
			children = (
				4602FBDE2A87B8FC0028BED4 /* Base */,
			);
			name = LaunchScreen.storyboard;
			sourceTree = "<group>";
		};
/* End PBXVariantGroup section */

/* Begin XCBuildConfiguration section */
		3A18359F2BE0E6460086D01B /* Debug */ = {
			isa = XCBuildConfiguration;
			buildSettings = {
				ASSETCATALOG_COMPILER_GENERATE_SWIFT_ASSET_SYMBOL_EXTENSIONS = YES;
				BUNDLE_LOADER = "$(TEST_HOST)";
				CODE_SIGN_STYLE = Automatic;
				CURRENT_PROJECT_VERSION = 1;
				GCC_C_LANGUAGE_STANDARD = gnu17;
				GENERATE_INFOPLIST_FILE = YES;
				IPHONEOS_DEPLOYMENT_TARGET = 17.4;
				LOCALIZATION_PREFERS_STRING_CATALOGS = YES;
				MARKETING_VERSION = 1.0;
				PRODUCT_BUNDLE_IDENTIFIER = com.adrianiraizos.AppBackFrontTests;
				PRODUCT_NAME = "$(TARGET_NAME)";
				SWIFT_ACTIVE_COMPILATION_CONDITIONS = "DEBUG $(inherited)";
				SWIFT_EMIT_LOC_STRINGS = NO;
				SWIFT_VERSION = 5.0;
				TARGETED_DEVICE_FAMILY = "1,2";
				TEST_HOST = "$(BUILT_PRODUCTS_DIR)/AppBackFront.app/$(BUNDLE_EXECUTABLE_FOLDER_PATH)/AppBackFront";
			};
			name = Debug;
		};
		3A1835A02BE0E6460086D01B /* Release */ = {
			isa = XCBuildConfiguration;
			buildSettings = {
				ASSETCATALOG_COMPILER_GENERATE_SWIFT_ASSET_SYMBOL_EXTENSIONS = YES;
				BUNDLE_LOADER = "$(TEST_HOST)";
				CODE_SIGN_STYLE = Automatic;
				CURRENT_PROJECT_VERSION = 1;
				GCC_C_LANGUAGE_STANDARD = gnu17;
				GENERATE_INFOPLIST_FILE = YES;
				IPHONEOS_DEPLOYMENT_TARGET = 17.4;
				LOCALIZATION_PREFERS_STRING_CATALOGS = YES;
				MARKETING_VERSION = 1.0;
				PRODUCT_BUNDLE_IDENTIFIER = com.adrianiraizos.AppBackFrontTests;
				PRODUCT_NAME = "$(TARGET_NAME)";
				SWIFT_EMIT_LOC_STRINGS = NO;
				SWIFT_VERSION = 5.0;
				TARGETED_DEVICE_FAMILY = "1,2";
				TEST_HOST = "$(BUILT_PRODUCTS_DIR)/AppBackFront.app/$(BUNDLE_EXECUTABLE_FOLDER_PATH)/AppBackFront";
			};
			name = Release;
		};
		4602FBE12A87B8FC0028BED4 /* Debug */ = {
			isa = XCBuildConfiguration;
			buildSettings = {
				ALWAYS_SEARCH_USER_PATHS = NO;
				CLANG_ANALYZER_NONNULL = YES;
				CLANG_ANALYZER_NUMBER_OBJECT_CONVERSION = YES_AGGRESSIVE;
				CLANG_CXX_LANGUAGE_STANDARD = "gnu++20";
				CLANG_ENABLE_MODULES = YES;
				CLANG_ENABLE_OBJC_ARC = YES;
				CLANG_ENABLE_OBJC_WEAK = YES;
				CLANG_WARN_BLOCK_CAPTURE_AUTORELEASING = YES;
				CLANG_WARN_BOOL_CONVERSION = YES;
				CLANG_WARN_COMMA = YES;
				CLANG_WARN_CONSTANT_CONVERSION = YES;
				CLANG_WARN_DEPRECATED_OBJC_IMPLEMENTATIONS = YES;
				CLANG_WARN_DIRECT_OBJC_ISA_USAGE = YES_ERROR;
				CLANG_WARN_DOCUMENTATION_COMMENTS = YES;
				CLANG_WARN_EMPTY_BODY = YES;
				CLANG_WARN_ENUM_CONVERSION = YES;
				CLANG_WARN_INFINITE_RECURSION = YES;
				CLANG_WARN_INT_CONVERSION = YES;
				CLANG_WARN_NON_LITERAL_NULL_CONVERSION = YES;
				CLANG_WARN_OBJC_IMPLICIT_RETAIN_SELF = YES;
				CLANG_WARN_OBJC_LITERAL_CONVERSION = YES;
				CLANG_WARN_OBJC_ROOT_CLASS = YES_ERROR;
				CLANG_WARN_QUOTED_INCLUDE_IN_FRAMEWORK_HEADER = YES;
				CLANG_WARN_RANGE_LOOP_ANALYSIS = YES;
				CLANG_WARN_STRICT_PROTOTYPES = YES;
				CLANG_WARN_SUSPICIOUS_MOVE = YES;
				CLANG_WARN_UNGUARDED_AVAILABILITY = YES_AGGRESSIVE;
				CLANG_WARN_UNREACHABLE_CODE = YES;
				CLANG_WARN__DUPLICATE_METHOD_MATCH = YES;
				COPY_PHASE_STRIP = NO;
				DEBUG_INFORMATION_FORMAT = dwarf;
				ENABLE_STRICT_OBJC_MSGSEND = YES;
				ENABLE_TESTABILITY = YES;
				ENABLE_USER_SCRIPT_SANDBOXING = YES;
				GCC_C_LANGUAGE_STANDARD = gnu11;
				GCC_DYNAMIC_NO_PIC = NO;
				GCC_NO_COMMON_BLOCKS = YES;
				GCC_OPTIMIZATION_LEVEL = 0;
				GCC_PREPROCESSOR_DEFINITIONS = (
					"DEBUG=1",
					"$(inherited)",
				);
				GCC_WARN_64_TO_32_BIT_CONVERSION = YES;
				GCC_WARN_ABOUT_RETURN_TYPE = YES_ERROR;
				GCC_WARN_UNDECLARED_SELECTOR = YES;
				GCC_WARN_UNINITIALIZED_AUTOS = YES_AGGRESSIVE;
				GCC_WARN_UNUSED_FUNCTION = YES;
				GCC_WARN_UNUSED_VARIABLE = YES;
				IPHONEOS_DEPLOYMENT_TARGET = 16.4;
				MTL_ENABLE_DEBUG_INFO = INCLUDE_SOURCE;
				MTL_FAST_MATH = YES;
				ONLY_ACTIVE_ARCH = YES;
				SDKROOT = iphoneos;
				SWIFT_ACTIVE_COMPILATION_CONDITIONS = DEBUG;
				SWIFT_OPTIMIZATION_LEVEL = "-Onone";
			};
			name = Debug;
		};
		4602FBE22A87B8FC0028BED4 /* Release */ = {
			isa = XCBuildConfiguration;
			buildSettings = {
				ALWAYS_SEARCH_USER_PATHS = NO;
				CLANG_ANALYZER_NONNULL = YES;
				CLANG_ANALYZER_NUMBER_OBJECT_CONVERSION = YES_AGGRESSIVE;
				CLANG_CXX_LANGUAGE_STANDARD = "gnu++20";
				CLANG_ENABLE_MODULES = YES;
				CLANG_ENABLE_OBJC_ARC = YES;
				CLANG_ENABLE_OBJC_WEAK = YES;
				CLANG_WARN_BLOCK_CAPTURE_AUTORELEASING = YES;
				CLANG_WARN_BOOL_CONVERSION = YES;
				CLANG_WARN_COMMA = YES;
				CLANG_WARN_CONSTANT_CONVERSION = YES;
				CLANG_WARN_DEPRECATED_OBJC_IMPLEMENTATIONS = YES;
				CLANG_WARN_DIRECT_OBJC_ISA_USAGE = YES_ERROR;
				CLANG_WARN_DOCUMENTATION_COMMENTS = YES;
				CLANG_WARN_EMPTY_BODY = YES;
				CLANG_WARN_ENUM_CONVERSION = YES;
				CLANG_WARN_INFINITE_RECURSION = YES;
				CLANG_WARN_INT_CONVERSION = YES;
				CLANG_WARN_NON_LITERAL_NULL_CONVERSION = YES;
				CLANG_WARN_OBJC_IMPLICIT_RETAIN_SELF = YES;
				CLANG_WARN_OBJC_LITERAL_CONVERSION = YES;
				CLANG_WARN_OBJC_ROOT_CLASS = YES_ERROR;
				CLANG_WARN_QUOTED_INCLUDE_IN_FRAMEWORK_HEADER = YES;
				CLANG_WARN_RANGE_LOOP_ANALYSIS = YES;
				CLANG_WARN_STRICT_PROTOTYPES = YES;
				CLANG_WARN_SUSPICIOUS_MOVE = YES;
				CLANG_WARN_UNGUARDED_AVAILABILITY = YES_AGGRESSIVE;
				CLANG_WARN_UNREACHABLE_CODE = YES;
				CLANG_WARN__DUPLICATE_METHOD_MATCH = YES;
				COPY_PHASE_STRIP = NO;
				DEBUG_INFORMATION_FORMAT = "dwarf-with-dsym";
				ENABLE_NS_ASSERTIONS = NO;
				ENABLE_STRICT_OBJC_MSGSEND = YES;
				ENABLE_USER_SCRIPT_SANDBOXING = YES;
				GCC_C_LANGUAGE_STANDARD = gnu11;
				GCC_NO_COMMON_BLOCKS = YES;
				GCC_WARN_64_TO_32_BIT_CONVERSION = YES;
				GCC_WARN_ABOUT_RETURN_TYPE = YES_ERROR;
				GCC_WARN_UNDECLARED_SELECTOR = YES;
				GCC_WARN_UNINITIALIZED_AUTOS = YES_AGGRESSIVE;
				GCC_WARN_UNUSED_FUNCTION = YES;
				GCC_WARN_UNUSED_VARIABLE = YES;
				IPHONEOS_DEPLOYMENT_TARGET = 16.4;
				MTL_ENABLE_DEBUG_INFO = NO;
				MTL_FAST_MATH = YES;
				SDKROOT = iphoneos;
				SWIFT_COMPILATION_MODE = wholemodule;
				SWIFT_OPTIMIZATION_LEVEL = "-O";
				VALIDATE_PRODUCT = YES;
			};
			name = Release;
		};
		4602FBE42A87B8FC0028BED4 /* Debug */ = {
			isa = XCBuildConfiguration;
			buildSettings = {
				ASSETCATALOG_COMPILER_APPICON_NAME = AppIcon;
				ASSETCATALOG_COMPILER_GLOBAL_ACCENT_COLOR_NAME = AccentColor;
				CODE_SIGN_STYLE = Automatic;
				CURRENT_PROJECT_VERSION = 1;
				DEVELOPMENT_TEAM = 6SPUJN2479;
				GENERATE_INFOPLIST_FILE = YES;
				INFOPLIST_FILE = AppBackFront/Info.plist;
				INFOPLIST_KEY_UIApplicationSupportsIndirectInputEvents = YES;
				INFOPLIST_KEY_UILaunchStoryboardName = LaunchScreen;
				INFOPLIST_KEY_UIMainStoryboardFile = "";
				INFOPLIST_KEY_UISupportedInterfaceOrientations_iPad = "UIInterfaceOrientationPortrait UIInterfaceOrientationPortraitUpsideDown UIInterfaceOrientationLandscapeLeft UIInterfaceOrientationLandscapeRight";
				INFOPLIST_KEY_UISupportedInterfaceOrientations_iPhone = "UIInterfaceOrientationPortrait UIInterfaceOrientationLandscapeLeft UIInterfaceOrientationLandscapeRight";
				LD_RUNPATH_SEARCH_PATHS = (
					"$(inherited)",
					"@executable_path/Frameworks",
				);
				MARKETING_VERSION = 1.0;
				PRODUCT_BUNDLE_IDENTIFIER = com.lucas.AppBackFront;
				PRODUCT_NAME = "$(TARGET_NAME)";
				SWIFT_EMIT_LOC_STRINGS = YES;
				SWIFT_VERSION = 5.0;
				TARGETED_DEVICE_FAMILY = "1,2";
			};
			name = Debug;
		};
		4602FBE52A87B8FC0028BED4 /* Release */ = {
			isa = XCBuildConfiguration;
			buildSettings = {
				ASSETCATALOG_COMPILER_APPICON_NAME = AppIcon;
				ASSETCATALOG_COMPILER_GLOBAL_ACCENT_COLOR_NAME = AccentColor;
				CODE_SIGN_STYLE = Automatic;
				CURRENT_PROJECT_VERSION = 1;
				DEVELOPMENT_TEAM = 6SPUJN2479;
				GENERATE_INFOPLIST_FILE = YES;
				INFOPLIST_FILE = AppBackFront/Info.plist;
				INFOPLIST_KEY_UIApplicationSupportsIndirectInputEvents = YES;
				INFOPLIST_KEY_UILaunchStoryboardName = LaunchScreen;
				INFOPLIST_KEY_UIMainStoryboardFile = "";
				INFOPLIST_KEY_UISupportedInterfaceOrientations_iPad = "UIInterfaceOrientationPortrait UIInterfaceOrientationPortraitUpsideDown UIInterfaceOrientationLandscapeLeft UIInterfaceOrientationLandscapeRight";
				INFOPLIST_KEY_UISupportedInterfaceOrientations_iPhone = "UIInterfaceOrientationPortrait UIInterfaceOrientationLandscapeLeft UIInterfaceOrientationLandscapeRight";
				LD_RUNPATH_SEARCH_PATHS = (
					"$(inherited)",
					"@executable_path/Frameworks",
				);
				MARKETING_VERSION = 1.0;
				PRODUCT_BUNDLE_IDENTIFIER = com.lucas.AppBackFront;
				PRODUCT_NAME = "$(TARGET_NAME)";
				SWIFT_EMIT_LOC_STRINGS = YES;
				SWIFT_VERSION = 5.0;
				TARGETED_DEVICE_FAMILY = "1,2";
			};
			name = Release;
		};
/* End XCBuildConfiguration section */

/* Begin XCConfigurationList section */
		3A18359E2BE0E6460086D01B /* Build configuration list for PBXNativeTarget "AppBackFrontTests" */ = {
			isa = XCConfigurationList;
			buildConfigurations = (
				3A18359F2BE0E6460086D01B /* Debug */,
				3A1835A02BE0E6460086D01B /* Release */,
			);
			defaultConfigurationIsVisible = 0;
			defaultConfigurationName = Release;
		};
		4602FBCA2A87B8FA0028BED4 /* Build configuration list for PBXProject "AppBackFront" */ = {
			isa = XCConfigurationList;
			buildConfigurations = (
				4602FBE12A87B8FC0028BED4 /* Debug */,
				4602FBE22A87B8FC0028BED4 /* Release */,
			);
			defaultConfigurationIsVisible = 0;
			defaultConfigurationName = Release;
		};
		4602FBE32A87B8FC0028BED4 /* Build configuration list for PBXNativeTarget "AppBackFront" */ = {
			isa = XCConfigurationList;
			buildConfigurations = (
				4602FBE42A87B8FC0028BED4 /* Debug */,
				4602FBE52A87B8FC0028BED4 /* Release */,
			);
			defaultConfigurationIsVisible = 0;
			defaultConfigurationName = Release;
		};
/* End XCConfigurationList section */

/* Begin XCRemoteSwiftPackageReference section */
		462C8C042AA60AA200E85A9E /* XCRemoteSwiftPackageReference "firebase-ios-sdk" */ = {
			isa = XCRemoteSwiftPackageReference;
			repositoryURL = "https://github.com/firebase/firebase-ios-sdk";
			requirement = {
				kind = upToNextMajorVersion;
				minimumVersion = 10.0.0;
			};
		};
/* End XCRemoteSwiftPackageReference section */

/* Begin XCSwiftPackageProductDependency section */
		462C8C052AA60AA200E85A9E /* FirebaseAuth */ = {
			isa = XCSwiftPackageProductDependency;
			package = 462C8C042AA60AA200E85A9E /* XCRemoteSwiftPackageReference "firebase-ios-sdk" */;
			productName = FirebaseAuth;
		};
		462C8C072AA60AA200E85A9E /* FirebaseCrashlytics */ = {
			isa = XCSwiftPackageProductDependency;
			package = 462C8C042AA60AA200E85A9E /* XCRemoteSwiftPackageReference "firebase-ios-sdk" */;
			productName = FirebaseCrashlytics;
		};
/* End XCSwiftPackageProductDependency section */
	};
	rootObject = 4602FBC72A87B8FA0028BED4 /* Project object */;
}
