// !$*UTF8*$!
{
	archiveVersion = 1;
	classes = {
	};
	objectVersion = 56;
	objects = {

/* Begin PBXBuildFile section */
		3B883F5F611ECF64B04D8AC1 /* Pods_AppBackFront.framework in Frameworks */ = {isa = PBXBuildFile; fileRef = F068343D3F22D223DED454DF /* Pods_AppBackFront.framework */; };
		4602FBD32A87B8FA0028BED4 /* AppDelegate.swift in Sources */ = {isa = PBXBuildFile; fileRef = 4602FBD22A87B8FA0028BED4 /* AppDelegate.swift */; };
		4602FBD52A87B8FA0028BED4 /* SceneDelegate.swift in Sources */ = {isa = PBXBuildFile; fileRef = 4602FBD42A87B8FA0028BED4 /* SceneDelegate.swift */; };
		4602FBD72A87B8FA0028BED4 /* LoginVC.swift in Sources */ = {isa = PBXBuildFile; fileRef = 4602FBD62A87B8FA0028BED4 /* LoginVC.swift */; };
		4602FBDC2A87B8FC0028BED4 /* Assets.xcassets in Resources */ = {isa = PBXBuildFile; fileRef = 4602FBDB2A87B8FC0028BED4 /* Assets.xcassets */; };
		4602FBDF2A87B8FC0028BED4 /* LaunchScreen.storyboard in Resources */ = {isa = PBXBuildFile; fileRef = 4602FBDD2A87B8FC0028BED4 /* LaunchScreen.storyboard */; };
		462C8C032AA6098600E85A9E /* GoogleService-Info.plist in Resources */ = {isa = PBXBuildFile; fileRef = 462C8C022AA6098600E85A9E /* GoogleService-Info.plist */; };
		462C8C062AA60AA200E85A9E /* FirebaseAuth in Frameworks */ = {isa = PBXBuildFile; productRef = 462C8C052AA60AA200E85A9E /* FirebaseAuth */; };
		462C8C082AA60AA200E85A9E /* FirebaseCrashlytics in Frameworks */ = {isa = PBXBuildFile; productRef = 462C8C072AA60AA200E85A9E /* FirebaseCrashlytics */; };
		462C8C0C2AA60E8E00E85A9E /* UIViewController+Extension.swift in Sources */ = {isa = PBXBuildFile; fileRef = 462C8C0B2AA60E8E00E85A9E /* UIViewController+Extension.swift */; };
		462C8C0E2AA617A600E85A9E /* String+Extension.swift in Sources */ = {isa = PBXBuildFile; fileRef = 462C8C0D2AA617A600E85A9E /* String+Extension.swift */; };
		4645228F2A8AB1B6005CC18E /* LoginScreen.swift in Sources */ = {isa = PBXBuildFile; fileRef = 4645228E2A8AB1B6005CC18E /* LoginScreen.swift */; };
		464D40CC2AA8AA8000D5DFDE /* AlertController.swift in Sources */ = {isa = PBXBuildFile; fileRef = 464D40CB2AA8AA8000D5DFDE /* AlertController.swift */; };
		464D40D12AA8B1C800D5DFDE /* TabBarVC.swift in Sources */ = {isa = PBXBuildFile; fileRef = 464D40D02AA8B1C800D5DFDE /* TabBarVC.swift */; };
		464D40D52AA8B29700D5DFDE /* HomeVC.swift in Sources */ = {isa = PBXBuildFile; fileRef = 464D40D42AA8B29700D5DFDE /* HomeVC.swift */; };
		464D40D92AA8B70500D5DFDE /* HomeScreen.swift in Sources */ = {isa = PBXBuildFile; fileRef = 464D40D82AA8B70500D5DFDE /* HomeScreen.swift */; };
		464D40DC2AA9F9AE00D5DFDE /* HomeViewModel.swift in Sources */ = {isa = PBXBuildFile; fileRef = 464D40DB2AA9F9AE00D5DFDE /* HomeViewModel.swift */; };
		464D40E02AA9FA6000D5DFDE /* HomeService.swift in Sources */ = {isa = PBXBuildFile; fileRef = 464D40DF2AA9FA6000D5DFDE /* HomeService.swift */; };
		464D40E22AA9FC2500D5DFDE /* GenericService.swift in Sources */ = {isa = PBXBuildFile; fileRef = 464D40E12AA9FC2500D5DFDE /* GenericService.swift */; };
		464D40E52AA9FF8D00D5DFDE /* HomeData.json in Resources */ = {isa = PBXBuildFile; fileRef = 464D40E42AA9FF8D00D5DFDE /* HomeData.json */; };
		464D40E82AAA013800D5DFDE /* NFTData.swift in Sources */ = {isa = PBXBuildFile; fileRef = 464D40E72AAA013800D5DFDE /* NFTData.swift */; };
		467DE4AC2AAB4FDC000484D2 /* NftFilterCollectionViewCell.swift in Sources */ = {isa = PBXBuildFile; fileRef = 467DE4AB2AAB4FDC000484D2 /* NftFilterCollectionViewCell.swift */; };
		467DE4AF2AAB506E000484D2 /* NftFilterCollectionViewCellScreen.swift in Sources */ = {isa = PBXBuildFile; fileRef = 467DE4AE2AAB506E000484D2 /* NftFilterCollectionViewCellScreen.swift */; };
/* End PBXBuildFile section */

/* Begin PBXFileReference section */
		182F142FDAE0DC233BF23D0A /* Pods-AppBackFront.debug.xcconfig */ = {isa = PBXFileReference; includeInIndex = 1; lastKnownFileType = text.xcconfig; name = "Pods-AppBackFront.debug.xcconfig"; path = "Target Support Files/Pods-AppBackFront/Pods-AppBackFront.debug.xcconfig"; sourceTree = "<group>"; };
		281AB6D6E866A7A14603E71F /* Pods-AppBackFront.release.xcconfig */ = {isa = PBXFileReference; includeInIndex = 1; lastKnownFileType = text.xcconfig; name = "Pods-AppBackFront.release.xcconfig"; path = "Target Support Files/Pods-AppBackFront/Pods-AppBackFront.release.xcconfig"; sourceTree = "<group>"; };
		4602FBCF2A87B8FA0028BED4 /* AppBackFront.app */ = {isa = PBXFileReference; explicitFileType = wrapper.application; includeInIndex = 0; path = AppBackFront.app; sourceTree = BUILT_PRODUCTS_DIR; };
		4602FBD22A87B8FA0028BED4 /* AppDelegate.swift */ = {isa = PBXFileReference; lastKnownFileType = sourcecode.swift; path = AppDelegate.swift; sourceTree = "<group>"; };
		4602FBD42A87B8FA0028BED4 /* SceneDelegate.swift */ = {isa = PBXFileReference; lastKnownFileType = sourcecode.swift; path = SceneDelegate.swift; sourceTree = "<group>"; };
		4602FBD62A87B8FA0028BED4 /* LoginVC.swift */ = {isa = PBXFileReference; lastKnownFileType = sourcecode.swift; path = LoginVC.swift; sourceTree = "<group>"; };
		4602FBDB2A87B8FC0028BED4 /* Assets.xcassets */ = {isa = PBXFileReference; lastKnownFileType = folder.assetcatalog; path = Assets.xcassets; sourceTree = "<group>"; };
		4602FBDE2A87B8FC0028BED4 /* Base */ = {isa = PBXFileReference; lastKnownFileType = file.storyboard; name = Base; path = Base.lproj/LaunchScreen.storyboard; sourceTree = "<group>"; };
		4602FBE02A87B8FC0028BED4 /* Info.plist */ = {isa = PBXFileReference; lastKnownFileType = text.plist.xml; path = Info.plist; sourceTree = "<group>"; };
		462C8C022AA6098600E85A9E /* GoogleService-Info.plist */ = {isa = PBXFileReference; fileEncoding = 4; lastKnownFileType = text.plist.xml; path = "GoogleService-Info.plist"; sourceTree = "<group>"; };
		462C8C0B2AA60E8E00E85A9E /* UIViewController+Extension.swift */ = {isa = PBXFileReference; lastKnownFileType = sourcecode.swift; path = "UIViewController+Extension.swift"; sourceTree = "<group>"; };
		462C8C0D2AA617A600E85A9E /* String+Extension.swift */ = {isa = PBXFileReference; lastKnownFileType = sourcecode.swift; path = "String+Extension.swift"; sourceTree = "<group>"; };
		4645228E2A8AB1B6005CC18E /* LoginScreen.swift */ = {isa = PBXFileReference; lastKnownFileType = sourcecode.swift; path = LoginScreen.swift; sourceTree = "<group>"; };
		464D40CB2AA8AA8000D5DFDE /* AlertController.swift */ = {isa = PBXFileReference; lastKnownFileType = sourcecode.swift; path = AlertController.swift; sourceTree = "<group>"; };
		464D40D02AA8B1C800D5DFDE /* TabBarVC.swift */ = {isa = PBXFileReference; lastKnownFileType = sourcecode.swift; path = TabBarVC.swift; sourceTree = "<group>"; };
		464D40D42AA8B29700D5DFDE /* HomeVC.swift */ = {isa = PBXFileReference; lastKnownFileType = sourcecode.swift; path = HomeVC.swift; sourceTree = "<group>"; };
		464D40D82AA8B70500D5DFDE /* HomeScreen.swift */ = {isa = PBXFileReference; lastKnownFileType = sourcecode.swift; path = HomeScreen.swift; sourceTree = "<group>"; };
		464D40DB2AA9F9AE00D5DFDE /* HomeViewModel.swift */ = {isa = PBXFileReference; lastKnownFileType = sourcecode.swift; path = HomeViewModel.swift; sourceTree = "<group>"; };
		464D40DF2AA9FA6000D5DFDE /* HomeService.swift */ = {isa = PBXFileReference; lastKnownFileType = sourcecode.swift; path = HomeService.swift; sourceTree = "<group>"; };
		464D40E12AA9FC2500D5DFDE /* GenericService.swift */ = {isa = PBXFileReference; lastKnownFileType = sourcecode.swift; path = GenericService.swift; sourceTree = "<group>"; };
		464D40E42AA9FF8D00D5DFDE /* HomeData.json */ = {isa = PBXFileReference; fileEncoding = 4; lastKnownFileType = text.json; path = HomeData.json; sourceTree = "<group>"; };
		464D40E72AAA013800D5DFDE /* NFTData.swift */ = {isa = PBXFileReference; lastKnownFileType = sourcecode.swift; path = NFTData.swift; sourceTree = "<group>"; };
		467DE4AB2AAB4FDC000484D2 /* NftFilterCollectionViewCell.swift */ = {isa = PBXFileReference; lastKnownFileType = sourcecode.swift; path = NftFilterCollectionViewCell.swift; sourceTree = "<group>"; };
		467DE4AE2AAB506E000484D2 /* NftFilterCollectionViewCellScreen.swift */ = {isa = PBXFileReference; lastKnownFileType = sourcecode.swift; path = NftFilterCollectionViewCellScreen.swift; sourceTree = "<group>"; };
		F068343D3F22D223DED454DF /* Pods_AppBackFront.framework */ = {isa = PBXFileReference; explicitFileType = wrapper.framework; includeInIndex = 0; path = Pods_AppBackFront.framework; sourceTree = BUILT_PRODUCTS_DIR; };
/* End PBXFileReference section */

/* Begin PBXFrameworksBuildPhase section */
		4602FBCC2A87B8FA0028BED4 /* Frameworks */ = {
			isa = PBXFrameworksBuildPhase;
			buildActionMask = 2147483647;
			files = (
				462C8C062AA60AA200E85A9E /* FirebaseAuth in Frameworks */,
				462C8C082AA60AA200E85A9E /* FirebaseCrashlytics in Frameworks */,
				3B883F5F611ECF64B04D8AC1 /* Pods_AppBackFront.framework in Frameworks */,
			);
			runOnlyForDeploymentPostprocessing = 0;
		};
/* End PBXFrameworksBuildPhase section */

/* Begin PBXGroup section */
		26F4F11AA28BD0C0F8AE45F3 /* Frameworks */ = {
			isa = PBXGroup;
			children = (
				F068343D3F22D223DED454DF /* Pods_AppBackFront.framework */,
			);
			name = Frameworks;
			sourceTree = "<group>";
		};
		4602FBC62A87B8FA0028BED4 = {
			isa = PBXGroup;
			children = (
				4602FBD12A87B8FA0028BED4 /* AppBackFront */,
				4602FBD02A87B8FA0028BED4 /* Products */,
				8C70E3716DF0652354A61D30 /* Pods */,
				26F4F11AA28BD0C0F8AE45F3 /* Frameworks */,
			);
			sourceTree = "<group>";
		};
		4602FBD02A87B8FA0028BED4 /* Products */ = {
			isa = PBXGroup;
			children = (
				4602FBCF2A87B8FA0028BED4 /* AppBackFront.app */,
			);
			name = Products;
			sourceTree = "<group>";
		};
		4602FBD12A87B8FA0028BED4 /* AppBackFront */ = {
			isa = PBXGroup;
			children = (
				464D40D22AA8B21E00D5DFDE /* Feature */,
				464D40CA2AA8AA6300D5DFDE /* Alert */,
				464D40E62AAA011900D5DFDE /* Model */,
				464D40E32AA9FF6600D5DFDE /* Json */,
				464D40DD2AA9FA3100D5DFDE /* Service */,
				464D40CD2AA8B0AC00D5DFDE /* TabBarController */,
				462C8C092AA60E2F00E85A9E /* Utils */,
				4602FBD22A87B8FA0028BED4 /* AppDelegate.swift */,
				4602FBD42A87B8FA0028BED4 /* SceneDelegate.swift */,
				4602FBDB2A87B8FC0028BED4 /* Assets.xcassets */,
				4602FBDD2A87B8FC0028BED4 /* LaunchScreen.storyboard */,
				462C8C022AA6098600E85A9E /* GoogleService-Info.plist */,
				4602FBE02A87B8FC0028BED4 /* Info.plist */,
			);
			path = AppBackFront;
			sourceTree = "<group>";
		};
		462C8C092AA60E2F00E85A9E /* Utils */ = {
			isa = PBXGroup;
			children = (
				462C8C0A2AA60E3600E85A9E /* Extension */,
			);
			path = Utils;
			sourceTree = "<group>";
		};
		462C8C0A2AA60E3600E85A9E /* Extension */ = {
			isa = PBXGroup;
			children = (
				462C8C0B2AA60E8E00E85A9E /* UIViewController+Extension.swift */,
				462C8C0D2AA617A600E85A9E /* String+Extension.swift */,
			);
			path = Extension;
			sourceTree = "<group>";
		};
		464522902A8AB98B005CC18E /* Login */ = {
			isa = PBXGroup;
			children = (
				464522922A8AB99F005CC18E /* Screen */,
				464522912A8AB993005CC18E /* VC */,
			);
			path = Login;
			sourceTree = "<group>";
		};
		464522912A8AB993005CC18E /* VC */ = {
			isa = PBXGroup;
			children = (
				4602FBD62A87B8FA0028BED4 /* LoginVC.swift */,
			);
			path = VC;
			sourceTree = "<group>";
		};
		464522922A8AB99F005CC18E /* Screen */ = {
			isa = PBXGroup;
			children = (
				4645228E2A8AB1B6005CC18E /* LoginScreen.swift */,
			);
			path = Screen;
			sourceTree = "<group>";
		};
		464D40CA2AA8AA6300D5DFDE /* Alert */ = {
			isa = PBXGroup;
			children = (
				464D40CB2AA8AA8000D5DFDE /* AlertController.swift */,
			);
			path = Alert;
			sourceTree = "<group>";
		};
		464D40CD2AA8B0AC00D5DFDE /* TabBarController */ = {
			isa = PBXGroup;
			children = (
				464D40D02AA8B1C800D5DFDE /* TabBarVC.swift */,
			);
			path = TabBarController;
			sourceTree = "<group>";
		};
		464D40D22AA8B21E00D5DFDE /* Feature */ = {
			isa = PBXGroup;
			children = (
				464D40D32AA8B23F00D5DFDE /* Home */,
				464522902A8AB98B005CC18E /* Login */,
				467DE4A92AAB4FAB000484D2 /* Cells */,
			);
			path = Feature;
			sourceTree = "<group>";
		};
		464D40D32AA8B23F00D5DFDE /* Home */ = {
			isa = PBXGroup;
			children = (
				464D40DA2AA9F85A00D5DFDE /* ViewModel */,
				464D40D62AA8B6E300D5DFDE /* VC */,
				464D40D72AA8B6EE00D5DFDE /* Screen */,
			);
			path = Home;
			sourceTree = "<group>";
		};
		464D40D62AA8B6E300D5DFDE /* VC */ = {
			isa = PBXGroup;
			children = (
				464D40D42AA8B29700D5DFDE /* HomeVC.swift */,
			);
			path = VC;
			sourceTree = "<group>";
		};
		464D40D72AA8B6EE00D5DFDE /* Screen */ = {
			isa = PBXGroup;
			children = (
				464D40D82AA8B70500D5DFDE /* HomeScreen.swift */,
			);
			path = Screen;
			sourceTree = "<group>";
		};
		464D40DA2AA9F85A00D5DFDE /* ViewModel */ = {
			isa = PBXGroup;
			children = (
				464D40DB2AA9F9AE00D5DFDE /* HomeViewModel.swift */,
			);
			path = ViewModel;
			sourceTree = "<group>";
		};
		464D40DD2AA9FA3100D5DFDE /* Service */ = {
			isa = PBXGroup;
			children = (
				467DE4B12AAB50AD000484D2 /* Generic */,
				464D40DE2AA9FA4E00D5DFDE /* HomeService */,
			);
			path = Service;
			sourceTree = "<group>";
		};
		464D40DE2AA9FA4E00D5DFDE /* HomeService */ = {
			isa = PBXGroup;
			children = (
				464D40DF2AA9FA6000D5DFDE /* HomeService.swift */,
			);
			path = HomeService;
			sourceTree = "<group>";
		};
		464D40E32AA9FF6600D5DFDE /* Json */ = {
			isa = PBXGroup;
			children = (
				464D40E42AA9FF8D00D5DFDE /* HomeData.json */,
			);
			path = Json;
			sourceTree = "<group>";
		};
		464D40E62AAA011900D5DFDE /* Model */ = {
			isa = PBXGroup;
			children = (
				464D40E72AAA013800D5DFDE /* NFTData.swift */,
			);
			path = Model;
			sourceTree = "<group>";
		};
		467DE4A92AAB4FAB000484D2 /* Cells */ = {
			isa = PBXGroup;
			children = (
				467DE4AA2AAB4FB4000484D2 /* NftFilter */,
			);
			path = Cells;
			sourceTree = "<group>";
		};
		467DE4AA2AAB4FB4000484D2 /* NftFilter */ = {
			isa = PBXGroup;
			children = (
				467DE4B02AAB5075000484D2 /* CollectionViewCell */,
				467DE4AD2AAB504A000484D2 /* Screen */,
			);
			path = NftFilter;
			sourceTree = "<group>";
		};
		467DE4AD2AAB504A000484D2 /* Screen */ = {
			isa = PBXGroup;
			children = (
				467DE4AE2AAB506E000484D2 /* NftFilterCollectionViewCellScreen.swift */,
			);
			path = Screen;
			sourceTree = "<group>";
		};
		467DE4B02AAB5075000484D2 /* CollectionViewCell */ = {
			isa = PBXGroup;
			children = (
				467DE4AB2AAB4FDC000484D2 /* NftFilterCollectionViewCell.swift */,
			);
			path = CollectionViewCell;
			sourceTree = "<group>";
		};
		467DE4B12AAB50AD000484D2 /* Generic */ = {
			isa = PBXGroup;
			children = (
				464D40E12AA9FC2500D5DFDE /* GenericService.swift */,
			);
			path = Generic;
			sourceTree = "<group>";
		};
		8C70E3716DF0652354A61D30 /* Pods */ = {
			isa = PBXGroup;
			children = (
				182F142FDAE0DC233BF23D0A /* Pods-AppBackFront.debug.xcconfig */,
				281AB6D6E866A7A14603E71F /* Pods-AppBackFront.release.xcconfig */,
			);
			path = Pods;
			sourceTree = "<group>";
		};
/* End PBXGroup section */

/* Begin PBXNativeTarget section */
		4602FBCE2A87B8FA0028BED4 /* AppBackFront */ = {
			isa = PBXNativeTarget;
			buildConfigurationList = 4602FBE32A87B8FC0028BED4 /* Build configuration list for PBXNativeTarget "AppBackFront" */;
			buildPhases = (
				8F346913364313A820BFD9E0 /* [CP] Check Pods Manifest.lock */,
				4602FBCB2A87B8FA0028BED4 /* Sources */,
				4602FBCC2A87B8FA0028BED4 /* Frameworks */,
				4602FBCD2A87B8FA0028BED4 /* Resources */,
				EB0013867B727D0EC9179ABB /* [CP] Embed Pods Frameworks */,
			);
			buildRules = (
			);
			dependencies = (
			);
			name = AppBackFront;
			packageProductDependencies = (
				462C8C052AA60AA200E85A9E /* FirebaseAuth */,
				462C8C072AA60AA200E85A9E /* FirebaseCrashlytics */,
			);
			productName = AppBackFront;
			productReference = 4602FBCF2A87B8FA0028BED4 /* AppBackFront.app */;
			productType = "com.apple.product-type.application";
		};
/* End PBXNativeTarget section */

/* Begin PBXProject section */
		4602FBC72A87B8FA0028BED4 /* Project object */ = {
			isa = PBXProject;
			attributes = {
				BuildIndependentTargetsInParallel = 1;
				LastSwiftUpdateCheck = 1430;
				LastUpgradeCheck = 1430;
				TargetAttributes = {
					4602FBCE2A87B8FA0028BED4 = {
						CreatedOnToolsVersion = 14.3;
					};
				};
			};
			buildConfigurationList = 4602FBCA2A87B8FA0028BED4 /* Build configuration list for PBXProject "AppBackFront" */;
			compatibilityVersion = "Xcode 14.0";
			developmentRegion = en;
			hasScannedForEncodings = 0;
			knownRegions = (
				en,
				Base,
			);
			mainGroup = 4602FBC62A87B8FA0028BED4;
			packageReferences = (
				462C8C042AA60AA200E85A9E /* XCRemoteSwiftPackageReference "firebase-ios-sdk" */,
			);
			productRefGroup = 4602FBD02A87B8FA0028BED4 /* Products */;
			projectDirPath = "";
			projectRoot = "";
			targets = (
				4602FBCE2A87B8FA0028BED4 /* AppBackFront */,
			);
		};
/* End PBXProject section */

/* Begin PBXResourcesBuildPhase section */
		4602FBCD2A87B8FA0028BED4 /* Resources */ = {
			isa = PBXResourcesBuildPhase;
			buildActionMask = 2147483647;
			files = (
				464D40E52AA9FF8D00D5DFDE /* HomeData.json in Resources */,
				4602FBDF2A87B8FC0028BED4 /* LaunchScreen.storyboard in Resources */,
				462C8C032AA6098600E85A9E /* GoogleService-Info.plist in Resources */,
				4602FBDC2A87B8FC0028BED4 /* Assets.xcassets in Resources */,
			);
			runOnlyForDeploymentPostprocessing = 0;
		};
/* End PBXResourcesBuildPhase section */

/* Begin PBXShellScriptBuildPhase section */
		8F346913364313A820BFD9E0 /* [CP] Check Pods Manifest.lock */ = {
			isa = PBXShellScriptBuildPhase;
			buildActionMask = 2147483647;
			files = (
			);
			inputFileListPaths = (
			);
			inputPaths = (
				"${PODS_PODFILE_DIR_PATH}/Podfile.lock",
				"${PODS_ROOT}/Manifest.lock",
			);
			name = "[CP] Check Pods Manifest.lock";
			outputFileListPaths = (
			);
			outputPaths = (
				"$(DERIVED_FILE_DIR)/Pods-AppBackFront-checkManifestLockResult.txt",
			);
			runOnlyForDeploymentPostprocessing = 0;
			shellPath = /bin/sh;
			shellScript = "diff \"${PODS_PODFILE_DIR_PATH}/Podfile.lock\" \"${PODS_ROOT}/Manifest.lock\" > /dev/null\nif [ $? != 0 ] ; then\n    # print error to STDERR\n    echo \"error: The sandbox is not in sync with the Podfile.lock. Run 'pod install' or update your CocoaPods installation.\" >&2\n    exit 1\nfi\n# This output is used by Xcode 'outputs' to avoid re-running this script phase.\necho \"SUCCESS\" > \"${SCRIPT_OUTPUT_FILE_0}\"\n";
			showEnvVarsInLog = 0;
		};
		EB0013867B727D0EC9179ABB /* [CP] Embed Pods Frameworks */ = {
			isa = PBXShellScriptBuildPhase;
			buildActionMask = 2147483647;
			files = (
			);
			inputFileListPaths = (
				"${PODS_ROOT}/Target Support Files/Pods-AppBackFront/Pods-AppBackFront-frameworks-${CONFIGURATION}-input-files.xcfilelist",
			);
			name = "[CP] Embed Pods Frameworks";
			outputFileListPaths = (
				"${PODS_ROOT}/Target Support Files/Pods-AppBackFront/Pods-AppBackFront-frameworks-${CONFIGURATION}-output-files.xcfilelist",
			);
			runOnlyForDeploymentPostprocessing = 0;
			shellPath = /bin/sh;
			shellScript = "\"${PODS_ROOT}/Target Support Files/Pods-AppBackFront/Pods-AppBackFront-frameworks.sh\"\n";
			showEnvVarsInLog = 0;
		};
/* End PBXShellScriptBuildPhase section */

/* Begin PBXSourcesBuildPhase section */
		4602FBCB2A87B8FA0028BED4 /* Sources */ = {
			isa = PBXSourcesBuildPhase;
			buildActionMask = 2147483647;
			files = (
				4602FBD72A87B8FA0028BED4 /* LoginVC.swift in Sources */,
				464D40DC2AA9F9AE00D5DFDE /* HomeViewModel.swift in Sources */,
				4645228F2A8AB1B6005CC18E /* LoginScreen.swift in Sources */,
				4602FBD32A87B8FA0028BED4 /* AppDelegate.swift in Sources */,
				464D40D52AA8B29700D5DFDE /* HomeVC.swift in Sources */,
				462C8C0C2AA60E8E00E85A9E /* UIViewController+Extension.swift in Sources */,
				467DE4AC2AAB4FDC000484D2 /* NftFilterCollectionViewCell.swift in Sources */,
				467DE4AF2AAB506E000484D2 /* NftFilterCollectionViewCellScreen.swift in Sources */,
				464D40E22AA9FC2500D5DFDE /* GenericService.swift in Sources */,
				464D40E02AA9FA6000D5DFDE /* HomeService.swift in Sources */,
				464D40CC2AA8AA8000D5DFDE /* AlertController.swift in Sources */,
				464D40D92AA8B70500D5DFDE /* HomeScreen.swift in Sources */,
				464D40E82AAA013800D5DFDE /* NFTData.swift in Sources */,
				462C8C0E2AA617A600E85A9E /* String+Extension.swift in Sources */,
				464D40D12AA8B1C800D5DFDE /* TabBarVC.swift in Sources */,
				4602FBD52A87B8FA0028BED4 /* SceneDelegate.swift in Sources */,
			);
			runOnlyForDeploymentPostprocessing = 0;
		};
/* End PBXSourcesBuildPhase section */

/* Begin PBXVariantGroup section */
		4602FBDD2A87B8FC0028BED4 /* LaunchScreen.storyboard */ = {
			isa = PBXVariantGroup;
			children = (
				4602FBDE2A87B8FC0028BED4 /* Base */,
			);
			name = LaunchScreen.storyboard;
			sourceTree = "<group>";
		};
/* End PBXVariantGroup section */

/* Begin XCBuildConfiguration section */
		4602FBE12A87B8FC0028BED4 /* Debug */ = {
			isa = XCBuildConfiguration;
			buildSettings = {
				ALWAYS_SEARCH_USER_PATHS = NO;
				CLANG_ANALYZER_NONNULL = YES;
				CLANG_ANALYZER_NUMBER_OBJECT_CONVERSION = YES_AGGRESSIVE;
				CLANG_CXX_LANGUAGE_STANDARD = "gnu++20";
				CLANG_ENABLE_MODULES = YES;
				CLANG_ENABLE_OBJC_ARC = YES;
				CLANG_ENABLE_OBJC_WEAK = YES;
				CLANG_WARN_BLOCK_CAPTURE_AUTORELEASING = YES;
				CLANG_WARN_BOOL_CONVERSION = YES;
				CLANG_WARN_COMMA = YES;
				CLANG_WARN_CONSTANT_CONVERSION = YES;
				CLANG_WARN_DEPRECATED_OBJC_IMPLEMENTATIONS = YES;
				CLANG_WARN_DIRECT_OBJC_ISA_USAGE = YES_ERROR;
				CLANG_WARN_DOCUMENTATION_COMMENTS = YES;
				CLANG_WARN_EMPTY_BODY = YES;
				CLANG_WARN_ENUM_CONVERSION = YES;
				CLANG_WARN_INFINITE_RECURSION = YES;
				CLANG_WARN_INT_CONVERSION = YES;
				CLANG_WARN_NON_LITERAL_NULL_CONVERSION = YES;
				CLANG_WARN_OBJC_IMPLICIT_RETAIN_SELF = YES;
				CLANG_WARN_OBJC_LITERAL_CONVERSION = YES;
				CLANG_WARN_OBJC_ROOT_CLASS = YES_ERROR;
				CLANG_WARN_QUOTED_INCLUDE_IN_FRAMEWORK_HEADER = YES;
				CLANG_WARN_RANGE_LOOP_ANALYSIS = YES;
				CLANG_WARN_STRICT_PROTOTYPES = YES;
				CLANG_WARN_SUSPICIOUS_MOVE = YES;
				CLANG_WARN_UNGUARDED_AVAILABILITY = YES_AGGRESSIVE;
				CLANG_WARN_UNREACHABLE_CODE = YES;
				CLANG_WARN__DUPLICATE_METHOD_MATCH = YES;
				COPY_PHASE_STRIP = NO;
				DEBUG_INFORMATION_FORMAT = dwarf;
				ENABLE_STRICT_OBJC_MSGSEND = YES;
				ENABLE_TESTABILITY = YES;
				GCC_C_LANGUAGE_STANDARD = gnu11;
				GCC_DYNAMIC_NO_PIC = NO;
				GCC_NO_COMMON_BLOCKS = YES;
				GCC_OPTIMIZATION_LEVEL = 0;
				GCC_PREPROCESSOR_DEFINITIONS = (
					"DEBUG=1",
					"$(inherited)",
				);
				GCC_WARN_64_TO_32_BIT_CONVERSION = YES;
				GCC_WARN_ABOUT_RETURN_TYPE = YES_ERROR;
				GCC_WARN_UNDECLARED_SELECTOR = YES;
				GCC_WARN_UNINITIALIZED_AUTOS = YES_AGGRESSIVE;
				GCC_WARN_UNUSED_FUNCTION = YES;
				GCC_WARN_UNUSED_VARIABLE = YES;
				IPHONEOS_DEPLOYMENT_TARGET = 16.4;
				MTL_ENABLE_DEBUG_INFO = INCLUDE_SOURCE;
				MTL_FAST_MATH = YES;
				ONLY_ACTIVE_ARCH = YES;
				SDKROOT = iphoneos;
				SWIFT_ACTIVE_COMPILATION_CONDITIONS = DEBUG;
				SWIFT_OPTIMIZATION_LEVEL = "-Onone";
			};
			name = Debug;
		};
		4602FBE22A87B8FC0028BED4 /* Release */ = {
			isa = XCBuildConfiguration;
			buildSettings = {
				ALWAYS_SEARCH_USER_PATHS = NO;
				CLANG_ANALYZER_NONNULL = YES;
				CLANG_ANALYZER_NUMBER_OBJECT_CONVERSION = YES_AGGRESSIVE;
				CLANG_CXX_LANGUAGE_STANDARD = "gnu++20";
				CLANG_ENABLE_MODULES = YES;
				CLANG_ENABLE_OBJC_ARC = YES;
				CLANG_ENABLE_OBJC_WEAK = YES;
				CLANG_WARN_BLOCK_CAPTURE_AUTORELEASING = YES;
				CLANG_WARN_BOOL_CONVERSION = YES;
				CLANG_WARN_COMMA = YES;
				CLANG_WARN_CONSTANT_CONVERSION = YES;
				CLANG_WARN_DEPRECATED_OBJC_IMPLEMENTATIONS = YES;
				CLANG_WARN_DIRECT_OBJC_ISA_USAGE = YES_ERROR;
				CLANG_WARN_DOCUMENTATION_COMMENTS = YES;
				CLANG_WARN_EMPTY_BODY = YES;
				CLANG_WARN_ENUM_CONVERSION = YES;
				CLANG_WARN_INFINITE_RECURSION = YES;
				CLANG_WARN_INT_CONVERSION = YES;
				CLANG_WARN_NON_LITERAL_NULL_CONVERSION = YES;
				CLANG_WARN_OBJC_IMPLICIT_RETAIN_SELF = YES;
				CLANG_WARN_OBJC_LITERAL_CONVERSION = YES;
				CLANG_WARN_OBJC_ROOT_CLASS = YES_ERROR;
				CLANG_WARN_QUOTED_INCLUDE_IN_FRAMEWORK_HEADER = YES;
				CLANG_WARN_RANGE_LOOP_ANALYSIS = YES;
				CLANG_WARN_STRICT_PROTOTYPES = YES;
				CLANG_WARN_SUSPICIOUS_MOVE = YES;
				CLANG_WARN_UNGUARDED_AVAILABILITY = YES_AGGRESSIVE;
				CLANG_WARN_UNREACHABLE_CODE = YES;
				CLANG_WARN__DUPLICATE_METHOD_MATCH = YES;
				COPY_PHASE_STRIP = NO;
				DEBUG_INFORMATION_FORMAT = "dwarf-with-dsym";
				ENABLE_NS_ASSERTIONS = NO;
				ENABLE_STRICT_OBJC_MSGSEND = YES;
				GCC_C_LANGUAGE_STANDARD = gnu11;
				GCC_NO_COMMON_BLOCKS = YES;
				GCC_WARN_64_TO_32_BIT_CONVERSION = YES;
				GCC_WARN_ABOUT_RETURN_TYPE = YES_ERROR;
				GCC_WARN_UNDECLARED_SELECTOR = YES;
				GCC_WARN_UNINITIALIZED_AUTOS = YES_AGGRESSIVE;
				GCC_WARN_UNUSED_FUNCTION = YES;
				GCC_WARN_UNUSED_VARIABLE = YES;
				IPHONEOS_DEPLOYMENT_TARGET = 16.4;
				MTL_ENABLE_DEBUG_INFO = NO;
				MTL_FAST_MATH = YES;
				SDKROOT = iphoneos;
				SWIFT_COMPILATION_MODE = wholemodule;
				SWIFT_OPTIMIZATION_LEVEL = "-O";
				VALIDATE_PRODUCT = YES;
			};
			name = Release;
		};
		4602FBE42A87B8FC0028BED4 /* Debug */ = {
			isa = XCBuildConfiguration;
			baseConfigurationReference = 182F142FDAE0DC233BF23D0A /* Pods-AppBackFront.debug.xcconfig */;
			buildSettings = {
				ASSETCATALOG_COMPILER_APPICON_NAME = AppIcon;
				ASSETCATALOG_COMPILER_GLOBAL_ACCENT_COLOR_NAME = AccentColor;
				CODE_SIGN_STYLE = Automatic;
				CURRENT_PROJECT_VERSION = 1;
				DEVELOPMENT_TEAM = 3WX9FH8392;
				GENERATE_INFOPLIST_FILE = YES;
				INFOPLIST_FILE = AppBackFront/Info.plist;
				INFOPLIST_KEY_UIApplicationSupportsIndirectInputEvents = YES;
				INFOPLIST_KEY_UILaunchStoryboardName = LaunchScreen;
				INFOPLIST_KEY_UIMainStoryboardFile = "";
				INFOPLIST_KEY_UISupportedInterfaceOrientations_iPad = "UIInterfaceOrientationPortrait UIInterfaceOrientationPortraitUpsideDown UIInterfaceOrientationLandscapeLeft UIInterfaceOrientationLandscapeRight";
				INFOPLIST_KEY_UISupportedInterfaceOrientations_iPhone = "UIInterfaceOrientationPortrait UIInterfaceOrientationLandscapeLeft UIInterfaceOrientationLandscapeRight";
				LD_RUNPATH_SEARCH_PATHS = (
					"$(inherited)",
					"@executable_path/Frameworks",
				);
				MARKETING_VERSION = 1.0;
				PRODUCT_BUNDLE_IDENTIFIER = com.lucas.AppBackFront;
				PRODUCT_NAME = "$(TARGET_NAME)";
				SWIFT_EMIT_LOC_STRINGS = YES;
				SWIFT_VERSION = 5.0;
				TARGETED_DEVICE_FAMILY = "1,2";
			};
			name = Debug;
		};
		4602FBE52A87B8FC0028BED4 /* Release */ = {
			isa = XCBuildConfiguration;
			baseConfigurationReference = 281AB6D6E866A7A14603E71F /* Pods-AppBackFront.release.xcconfig */;
			buildSettings = {
				ASSETCATALOG_COMPILER_APPICON_NAME = AppIcon;
				ASSETCATALOG_COMPILER_GLOBAL_ACCENT_COLOR_NAME = AccentColor;
				CODE_SIGN_STYLE = Automatic;
				CURRENT_PROJECT_VERSION = 1;
				DEVELOPMENT_TEAM = 3WX9FH8392;
				GENERATE_INFOPLIST_FILE = YES;
				INFOPLIST_FILE = AppBackFront/Info.plist;
				INFOPLIST_KEY_UIApplicationSupportsIndirectInputEvents = YES;
				INFOPLIST_KEY_UILaunchStoryboardName = LaunchScreen;
				INFOPLIST_KEY_UIMainStoryboardFile = "";
				INFOPLIST_KEY_UISupportedInterfaceOrientations_iPad = "UIInterfaceOrientationPortrait UIInterfaceOrientationPortraitUpsideDown UIInterfaceOrientationLandscapeLeft UIInterfaceOrientationLandscapeRight";
				INFOPLIST_KEY_UISupportedInterfaceOrientations_iPhone = "UIInterfaceOrientationPortrait UIInterfaceOrientationLandscapeLeft UIInterfaceOrientationLandscapeRight";
				LD_RUNPATH_SEARCH_PATHS = (
					"$(inherited)",
					"@executable_path/Frameworks",
				);
				MARKETING_VERSION = 1.0;
				PRODUCT_BUNDLE_IDENTIFIER = com.lucas.AppBackFront;
				PRODUCT_NAME = "$(TARGET_NAME)";
				SWIFT_EMIT_LOC_STRINGS = YES;
				SWIFT_VERSION = 5.0;
				TARGETED_DEVICE_FAMILY = "1,2";
			};
			name = Release;
		};
/* End XCBuildConfiguration section */

/* Begin XCConfigurationList section */
		4602FBCA2A87B8FA0028BED4 /* Build configuration list for PBXProject "AppBackFront" */ = {
			isa = XCConfigurationList;
			buildConfigurations = (
				4602FBE12A87B8FC0028BED4 /* Debug */,
				4602FBE22A87B8FC0028BED4 /* Release */,
			);
			defaultConfigurationIsVisible = 0;
			defaultConfigurationName = Release;
		};
		4602FBE32A87B8FC0028BED4 /* Build configuration list for PBXNativeTarget "AppBackFront" */ = {
			isa = XCConfigurationList;
			buildConfigurations = (
				4602FBE42A87B8FC0028BED4 /* Debug */,
				4602FBE52A87B8FC0028BED4 /* Release */,
			);
			defaultConfigurationIsVisible = 0;
			defaultConfigurationName = Release;
		};
/* End XCConfigurationList section */

/* Begin XCRemoteSwiftPackageReference section */
		462C8C042AA60AA200E85A9E /* XCRemoteSwiftPackageReference "firebase-ios-sdk" */ = {
			isa = XCRemoteSwiftPackageReference;
			repositoryURL = "https://github.com/firebase/firebase-ios-sdk";
			requirement = {
				kind = upToNextMajorVersion;
				minimumVersion = 10.0.0;
			};
		};
/* End XCRemoteSwiftPackageReference section */

/* Begin XCSwiftPackageProductDependency section */
		462C8C052AA60AA200E85A9E /* FirebaseAuth */ = {
			isa = XCSwiftPackageProductDependency;
			package = 462C8C042AA60AA200E85A9E /* XCRemoteSwiftPackageReference "firebase-ios-sdk" */;
			productName = FirebaseAuth;
		};
		462C8C072AA60AA200E85A9E /* FirebaseCrashlytics */ = {
			isa = XCSwiftPackageProductDependency;
			package = 462C8C042AA60AA200E85A9E /* XCRemoteSwiftPackageReference "firebase-ios-sdk" */;
			productName = FirebaseCrashlytics;
		};
/* End XCSwiftPackageProductDependency section */
	};
	rootObject = 4602FBC72A87B8FA0028BED4 /* Project object */;
}
